// !$*UTF8*$!
{
	archiveVersion = 1;
	classes = {
	};
	objectVersion = 50;
	objects = {

/* Begin PBXBuildFile section */
		9740909621A3FABB004B9A83 /* AppDelegate.m in Sources */ = {isa = PBXBuildFile; fileRef = 9740909521A3FABB004B9A83 /* AppDelegate.m */; };
		9740909921A3FABB004B9A83 /* ViewController.m in Sources */ = {isa = PBXBuildFile; fileRef = 9740909821A3FABB004B9A83 /* ViewController.m */; };
		9740909C21A3FABB004B9A83 /* Main.storyboard in Resources */ = {isa = PBXBuildFile; fileRef = 9740909A21A3FABB004B9A83 /* Main.storyboard */; };
		9740909E21A3FABC004B9A83 /* Assets.xcassets in Resources */ = {isa = PBXBuildFile; fileRef = 9740909D21A3FABC004B9A83 /* Assets.xcassets */; };
		974090A121A3FABC004B9A83 /* LaunchScreen.storyboard in Resources */ = {isa = PBXBuildFile; fileRef = 9740909F21A3FABC004B9A83 /* LaunchScreen.storyboard */; };
		974090A421A3FABC004B9A83 /* main.m in Sources */ = {isa = PBXBuildFile; fileRef = 974090A321A3FABC004B9A83 /* main.m */; };
		974090AC21A3FAEA004B9A83 /* FGLKView.m in Sources */ = {isa = PBXBuildFile; fileRef = 974090AB21A3FAEA004B9A83 /* FGLKView.m */; };
		974090B021A42502004B9A83 /* FGLKViewController.m in Sources */ = {isa = PBXBuildFile; fileRef = 974090AF21A42502004B9A83 /* FGLKViewController.m */; };
/* End PBXBuildFile section */

/* Begin PBXFileReference section */
		9740909121A3FABB004B9A83 /* GLKit02-GLKit实现.app */ = {isa = PBXFileReference; explicitFileType = wrapper.application; includeInIndex = 0; path = "GLKit02-GLKit实现.app"; sourceTree = BUILT_PRODUCTS_DIR; };
		9740909421A3FABB004B9A83 /* AppDelegate.h */ = {isa = PBXFileReference; lastKnownFileType = sourcecode.c.h; path = AppDelegate.h; sourceTree = "<group>"; };
		9740909521A3FABB004B9A83 /* AppDelegate.m */ = {isa = PBXFileReference; lastKnownFileType = sourcecode.c.objc; path = AppDelegate.m; sourceTree = "<group>"; };
		9740909721A3FABB004B9A83 /* ViewController.h */ = {isa = PBXFileReference; lastKnownFileType = sourcecode.c.h; path = ViewController.h; sourceTree = "<group>"; };
		9740909821A3FABB004B9A83 /* ViewController.m */ = {isa = PBXFileReference; lastKnownFileType = sourcecode.c.objc; path = ViewController.m; sourceTree = "<group>"; };
		9740909B21A3FABB004B9A83 /* Base */ = {isa = PBXFileReference; lastKnownFileType = file.storyboard; name = Base; path = Base.lproj/Main.storyboard; sourceTree = "<group>"; };
		9740909D21A3FABC004B9A83 /* Assets.xcassets */ = {isa = PBXFileReference; lastKnownFileType = folder.assetcatalog; path = Assets.xcassets; sourceTree = "<group>"; };
		974090A021A3FABC004B9A83 /* Base */ = {isa = PBXFileReference; lastKnownFileType = file.storyboard; name = Base; path = Base.lproj/LaunchScreen.storyboard; sourceTree = "<group>"; };
		974090A221A3FABC004B9A83 /* Info.plist */ = {isa = PBXFileReference; lastKnownFileType = text.plist.xml; path = Info.plist; sourceTree = "<group>"; };
		974090A321A3FABC004B9A83 /* main.m */ = {isa = PBXFileReference; lastKnownFileType = sourcecode.c.objc; path = main.m; sourceTree = "<group>"; };
		974090AA21A3FAEA004B9A83 /* FGLKView.h */ = {isa = PBXFileReference; lastKnownFileType = sourcecode.c.h; path = FGLKView.h; sourceTree = "<group>"; };
		974090AB21A3FAEA004B9A83 /* FGLKView.m */ = {isa = PBXFileReference; lastKnownFileType = sourcecode.c.objc; path = FGLKView.m; sourceTree = "<group>"; };
		974090AE21A42502004B9A83 /* FGLKViewController.h */ = {isa = PBXFileReference; lastKnownFileType = sourcecode.c.h; path = FGLKViewController.h; sourceTree = "<group>"; };
		974090AF21A42502004B9A83 /* FGLKViewController.m */ = {isa = PBXFileReference; lastKnownFileType = sourcecode.c.objc; path = FGLKViewController.m; sourceTree = "<group>"; };
/* End PBXFileReference section */

/* Begin PBXFrameworksBuildPhase section */
		9740908E21A3FABB004B9A83 /* Frameworks */ = {
			isa = PBXFrameworksBuildPhase;
			buildActionMask = 2147483647;
			files = (
			);
			runOnlyForDeploymentPostprocessing = 0;
		};
/* End PBXFrameworksBuildPhase section */

/* Begin PBXGroup section */
		9740908821A3FABB004B9A83 = {
			isa = PBXGroup;
			children = (
				9740909321A3FABB004B9A83 /* GLKit02-GLKit实现 */,
				9740909221A3FABB004B9A83 /* Products */,
			);
			sourceTree = "<group>";
		};
		9740909221A3FABB004B9A83 /* Products */ = {
			isa = PBXGroup;
			children = (
				9740909121A3FABB004B9A83 /* GLKit02-GLKit实现.app */,
			);
			name = Products;
			sourceTree = "<group>";
		};
		9740909321A3FABB004B9A83 /* GLKit02-GLKit实现 */ = {
			isa = PBXGroup;
			children = (
				974090AD21A3FAF7004B9A83 /* GLKit */,
				9740909421A3FABB004B9A83 /* AppDelegate.h */,
				9740909521A3FABB004B9A83 /* AppDelegate.m */,
				9740909721A3FABB004B9A83 /* ViewController.h */,
				9740909821A3FABB004B9A83 /* ViewController.m */,
				9740909A21A3FABB004B9A83 /* Main.storyboard */,
				9740909D21A3FABC004B9A83 /* Assets.xcassets */,
				9740909F21A3FABC004B9A83 /* LaunchScreen.storyboard */,
				974090A221A3FABC004B9A83 /* Info.plist */,
				974090A321A3FABC004B9A83 /* main.m */,
			);
			path = "GLKit02-GLKit实现";
			sourceTree = "<group>";
		};
		974090AD21A3FAF7004B9A83 /* GLKit */ = {
			isa = PBXGroup;
			children = (
				974090AA21A3FAEA004B9A83 /* FGLKView.h */,
				974090AB21A3FAEA004B9A83 /* FGLKView.m */,
				974090AE21A42502004B9A83 /* FGLKViewController.h */,
				974090AF21A42502004B9A83 /* FGLKViewController.m */,
			);
			path = GLKit;
			sourceTree = "<group>";
		};
/* End PBXGroup section */

/* Begin PBXNativeTarget section */
		9740909021A3FABB004B9A83 /* GLKit02-GLKit实现 */ = {
			isa = PBXNativeTarget;
			buildConfigurationList = 974090A721A3FABC004B9A83 /* Build configuration list for PBXNativeTarget "GLKit02-GLKit实现" */;
			buildPhases = (
				9740908D21A3FABB004B9A83 /* Sources */,
				9740908E21A3FABB004B9A83 /* Frameworks */,
				9740908F21A3FABB004B9A83 /* Resources */,
			);
			buildRules = (
			);
			dependencies = (
			);
			name = "GLKit02-GLKit实现";
			productName = "GLKit02-GLKit实现";
			productReference = 9740909121A3FABB004B9A83 /* GLKit02-GLKit实现.app */;
			productType = "com.apple.product-type.application";
		};
/* End PBXNativeTarget section */

/* Begin PBXProject section */
		9740908921A3FABB004B9A83 /* Project object */ = {
			isa = PBXProject;
			attributes = {
				LastUpgradeCheck = 0940;
				ORGANIZATIONNAME = "Fu,Sheng";
				TargetAttributes = {
					9740909021A3FABB004B9A83 = {
						CreatedOnToolsVersion = 9.4.1;
					};
				};
			};
			buildConfigurationList = 9740908C21A3FABB004B9A83 /* Build configuration list for PBXProject "GLKit02-GLKit实现" */;
			compatibilityVersion = "Xcode 9.3";
			developmentRegion = en;
			hasScannedForEncodings = 0;
			knownRegions = (
				en,
				Base,
			);
			mainGroup = 9740908821A3FABB004B9A83;
			productRefGroup = 9740909221A3FABB004B9A83 /* Products */;
			projectDirPath = "";
			projectRoot = "";
			targets = (
				9740909021A3FABB004B9A83 /* GLKit02-GLKit实现 */,
			);
		};
/* End PBXProject section */

/* Begin PBXResourcesBuildPhase section */
		9740908F21A3FABB004B9A83 /* Resources */ = {
			isa = PBXResourcesBuildPhase;
			buildActionMask = 2147483647;
			files = (
				974090A121A3FABC004B9A83 /* LaunchScreen.storyboard in Resources */,
				9740909E21A3FABC004B9A83 /* Assets.xcassets in Resources */,
				9740909C21A3FABB004B9A83 /* Main.storyboard in Resources */,
			);
			runOnlyForDeploymentPostprocessing = 0;
		};
/* End PBXResourcesBuildPhase section */

/* Begin PBXSourcesBuildPhase section */
		9740908D21A3FABB004B9A83 /* Sources */ = {
			isa = PBXSourcesBuildPhase;
			buildActionMask = 2147483647;
			files = (
				974090B021A42502004B9A83 /* FGLKViewController.m in Sources */,
				974090AC21A3FAEA004B9A83 /* FGLKView.m in Sources */,
				9740909921A3FABB004B9A83 /* ViewController.m in Sources */,
				974090A421A3FABC004B9A83 /* main.m in Sources */,
				9740909621A3FABB004B9A83 /* AppDelegate.m in Sources */,
			);
			runOnlyForDeploymentPostprocessing = 0;
		};
/* End PBXSourcesBuildPhase section */

/* Begin PBXVariantGroup section */
		9740909A21A3FABB004B9A83 /* Main.storyboard */ = {
			isa = PBXVariantGroup;
			children = (
				9740909B21A3FABB004B9A83 /* Base */,
			);
			name = Main.storyboard;
			sourceTree = "<group>";
		};
		9740909F21A3FABC004B9A83 /* LaunchScreen.storyboard */ = {
			isa = PBXVariantGroup;
			children = (
				974090A021A3FABC004B9A83 /* Base */,
			);
			name = LaunchScreen.storyboard;
			sourceTree = "<group>";
		};
/* End PBXVariantGroup section */

/* Begin XCBuildConfiguration section */
		974090A521A3FABC004B9A83 /* Debug */ = {
			isa = XCBuildConfiguration;
			buildSettings = {
				ALWAYS_SEARCH_USER_PATHS = NO;
				CLANG_ANALYZER_NONNULL = YES;
				CLANG_ANALYZER_NUMBER_OBJECT_CONVERSION = YES_AGGRESSIVE;
				CLANG_CXX_LANGUAGE_STANDARD = "gnu++14";
				CLANG_CXX_LIBRARY = "libc++";
				CLANG_ENABLE_MODULES = YES;
				CLANG_ENABLE_OBJC_ARC = YES;
				CLANG_ENABLE_OBJC_WEAK = YES;
				CLANG_WARN_BLOCK_CAPTURE_AUTORELEASING = YES;
				CLANG_WARN_BOOL_CONVERSION = YES;
				CLANG_WARN_COMMA = YES;
				CLANG_WARN_CONSTANT_CONVERSION = YES;
				CLANG_WARN_DEPRECATED_OBJC_IMPLEMENTATIONS = YES;
				CLANG_WARN_DIRECT_OBJC_ISA_USAGE = YES_ERROR;
				CLANG_WARN_DOCUMENTATION_COMMENTS = YES;
				CLANG_WARN_EMPTY_BODY = YES;
				CLANG_WARN_ENUM_CONVERSION = YES;
				CLANG_WARN_INFINITE_RECURSION = YES;
				CLANG_WARN_INT_CONVERSION = YES;
				CLANG_WARN_NON_LITERAL_NULL_CONVERSION = YES;
				CLANG_WARN_OBJC_IMPLICIT_RETAIN_SELF = YES;
				CLANG_WARN_OBJC_LITERAL_CONVERSION = YES;
				CLANG_WARN_OBJC_ROOT_CLASS = YES_ERROR;
				CLANG_WARN_RANGE_LOOP_ANALYSIS = YES;
				CLANG_WARN_STRICT_PROTOTYPES = YES;
				CLANG_WARN_SUSPICIOUS_MOVE = YES;
				CLANG_WARN_UNGUARDED_AVAILABILITY = YES_AGGRESSIVE;
				CLANG_WARN_UNREACHABLE_CODE = YES;
				CLANG_WARN__DUPLICATE_METHOD_MATCH = YES;
				CODE_SIGN_IDENTITY = "iPhone Developer";
				COPY_PHASE_STRIP = NO;
				DEBUG_INFORMATION_FORMAT = dwarf;
				ENABLE_STRICT_OBJC_MSGSEND = YES;
				ENABLE_TESTABILITY = YES;
				GCC_C_LANGUAGE_STANDARD = gnu11;
				GCC_DYNAMIC_NO_PIC = NO;
				GCC_NO_COMMON_BLOCKS = YES;
				GCC_OPTIMIZATION_LEVEL = 0;
				GCC_PREPROCESSOR_DEFINITIONS = (
					"DEBUG=1",
					"$(inherited)",
				);
				GCC_WARN_64_TO_32_BIT_CONVERSION = YES;
				GCC_WARN_ABOUT_RETURN_TYPE = YES_ERROR;
				GCC_WARN_UNDECLARED_SELECTOR = YES;
				GCC_WARN_UNINITIALIZED_AUTOS = YES_AGGRESSIVE;
				GCC_WARN_UNUSED_FUNCTION = YES;
				GCC_WARN_UNUSED_VARIABLE = YES;
				IPHONEOS_DEPLOYMENT_TARGET = 11.4;
				MTL_ENABLE_DEBUG_INFO = YES;
				ONLY_ACTIVE_ARCH = YES;
				SDKROOT = iphoneos;
			};
			name = Debug;
		};
		974090A621A3FABC004B9A83 /* Release */ = {
			isa = XCBuildConfiguration;
			buildSettings = {
				ALWAYS_SEARCH_USER_PATHS = NO;
				CLANG_ANALYZER_NONNULL = YES;
				CLANG_ANALYZER_NUMBER_OBJECT_CONVERSION = YES_AGGRESSIVE;
				CLANG_CXX_LANGUAGE_STANDARD = "gnu++14";
				CLANG_CXX_LIBRARY = "libc++";
				CLANG_ENABLE_MODULES = YES;
				CLANG_ENABLE_OBJC_ARC = YES;
				CLANG_ENABLE_OBJC_WEAK = YES;
				CLANG_WARN_BLOCK_CAPTURE_AUTORELEASING = YES;
				CLANG_WARN_BOOL_CONVERSION = YES;
				CLANG_WARN_COMMA = YES;
				CLANG_WARN_CONSTANT_CONVERSION = YES;
				CLANG_WARN_DEPRECATED_OBJC_IMPLEMENTATIONS = YES;
				CLANG_WARN_DIRECT_OBJC_ISA_USAGE = YES_ERROR;
				CLANG_WARN_DOCUMENTATION_COMMENTS = YES;
				CLANG_WARN_EMPTY_BODY = YES;
				CLANG_WARN_ENUM_CONVERSION = YES;
				CLANG_WARN_INFINITE_RECURSION = YES;
				CLANG_WARN_INT_CONVERSION = YES;
				CLANG_WARN_NON_LITERAL_NULL_CONVERSION = YES;
				CLANG_WARN_OBJC_IMPLICIT_RETAIN_SELF = YES;
				CLANG_WARN_OBJC_LITERAL_CONVERSION = YES;
				CLANG_WARN_OBJC_ROOT_CLASS = YES_ERROR;
				CLANG_WARN_RANGE_LOOP_ANALYSIS = YES;
				CLANG_WARN_STRICT_PROTOTYPES = YES;
				CLANG_WARN_SUSPICIOUS_MOVE = YES;
				CLANG_WARN_UNGUARDED_AVAILABILITY = YES_AGGRESSIVE;
				CLANG_WARN_UNREACHABLE_CODE = YES;
				CLANG_WARN__DUPLICATE_METHOD_MATCH = YES;
				CODE_SIGN_IDENTITY = "iPhone Developer";
				COPY_PHASE_STRIP = NO;
				DEBUG_INFORMATION_FORMAT = "dwarf-with-dsym";
				ENABLE_NS_ASSERTIONS = NO;
				ENABLE_STRICT_OBJC_MSGSEND = YES;
				GCC_C_LANGUAGE_STANDARD = gnu11;
				GCC_NO_COMMON_BLOCKS = YES;
				GCC_WARN_64_TO_32_BIT_CONVERSION = YES;
				GCC_WARN_ABOUT_RETURN_TYPE = YES_ERROR;
				GCC_WARN_UNDECLARED_SELECTOR = YES;
				GCC_WARN_UNINITIALIZED_AUTOS = YES_AGGRESSIVE;
				GCC_WARN_UNUSED_FUNCTION = YES;
				GCC_WARN_UNUSED_VARIABLE = YES;
				IPHONEOS_DEPLOYMENT_TARGET = 11.4;
				MTL_ENABLE_DEBUG_INFO = NO;
				SDKROOT = iphoneos;
				VALIDATE_PRODUCT = YES;
			};
			name = Release;
		};
		974090A821A3FABC004B9A83 /* Debug */ = {
			isa = XCBuildConfiguration;
			buildSettings = {
				ASSETCATALOG_COMPILER_APPICON_NAME = AppIcon;
				CODE_SIGN_STYLE = Automatic;
				DEVELOPMENT_TEAM = QBA33C9ENG;
				INFOPLIST_FILE = "GLKit02-GLKit实现/Info.plist";
				IPHONEOS_DEPLOYMENT_TARGET = 11.3;
				LD_RUNPATH_SEARCH_PATHS = (
					"$(inherited)",
					"@executable_path/Frameworks",
				);
				PRODUCT_BUNDLE_IDENTIFIER = "com.baidu.com.GLKit02-GLKit--";
				PRODUCT_NAME = "$(TARGET_NAME)";
				TARGETED_DEVICE_FAMILY = "1,2";
			};
			name = Debug;
		};
		974090A921A3FABC004B9A83 /* Release */ = {
			isa = XCBuildConfiguration;
			buildSettings = {
				ASSETCATALOG_COMPILER_APPICON_NAME = AppIcon;
				CODE_SIGN_STYLE = Automatic;
				DEVELOPMENT_TEAM = QBA33C9ENG;
				INFOPLIST_FILE = "GLKit02-GLKit实现/Info.plist";
				IPHONEOS_DEPLOYMENT_TARGET = 11.3;
				LD_RUNPATH_SEARCH_PATHS = (
					"$(inherited)",
					"@executable_path/Frameworks",
				);
				PRODUCT_BUNDLE_IDENTIFIER = "com.baidu.com.GLKit02-GLKit--";
				PRODUCT_NAME = "$(TARGET_NAME)";
				TARGETED_DEVICE_FAMILY = "1,2";
			};
			name = Release;
		};
/* End XCBuildConfiguration section */

/* Begin XCConfigurationList section */
		9740908C21A3FABB004B9A83 /* Build configuration list for PBXProject "GLKit02-GLKit实现" */ = {
			isa = XCConfigurationList;
			buildConfigurations = (
				974090A521A3FABC004B9A83 /* Debug */,
				974090A621A3FABC004B9A83 /* Release */,
			);
			defaultConfigurationIsVisible = 0;
			defaultConfigurationName = Release;
		};
		974090A721A3FABC004B9A83 /* Build configuration list for PBXNativeTarget "GLKit02-GLKit实现" */ = {
			isa = XCConfigurationList;
			buildConfigurations = (
				974090A821A3FABC004B9A83 /* Debug */,
				974090A921A3FABC004B9A83 /* Release */,
			);
			defaultConfigurationIsVisible = 0;
			defaultConfigurationName = Release;
		};
/* End XCConfigurationList section */
	};
	rootObject = 9740908921A3FABB004B9A83 /* Project object */;
}
