// !$*UTF8*$!
{
	archiveVersion = 1;
	classes = {
	};
	objectVersion = 46;
	objects = {

/* Begin PBXBuildFile section */
		9D3BB87B1E0BAEEE001CCFDD /* main.cpp in Sources */ = {isa = PBXBuildFile; fileRef = 9D3BB87A1E0BAEEE001CCFDD /* main.cpp */; };
		9D3BB8831E0BAF0E001CCFDD /* OpenGL.framework in Frameworks */ = {isa = PBXBuildFile; fileRef = 9D3BB8821E0BAF0E001CCFDD /* OpenGL.framework */; };
		9D3BB8851E0BAF1B001CCFDD /* GLUT.framework in Frameworks */ = {isa = PBXBuildFile; fileRef = 9D3BB8841E0BAF1B001CCFDD /* GLUT.framework */; };
/* End PBXBuildFile section */

/* Begin PBXCopyFilesBuildPhase section */
		9D3BB8751E0BAEEE001CCFDD /* CopyFiles */ = {
			isa = PBXCopyFilesBuildPhase;
			buildActionMask = 2147483647;
			dstPath = /usr/share/man/man1/;
			dstSubfolderSpec = 0;
			files = (
			);
			runOnlyForDeploymentPostprocessing = 1;
		};
/* End PBXCopyFilesBuildPhase section */

/* Begin PBXFileReference section */
		9D3BB8771E0BAEEE001CCFDD /* Opengl03 */ = {isa = PBXFileReference; explicitFileType = "compiled.mach-o.executable"; includeInIndex = 0; path = Opengl03; sourceTree = BUILT_PRODUCTS_DIR; };
		9D3BB87A1E0BAEEE001CCFDD /* main.cpp */ = {isa = PBXFileReference; lastKnownFileType = sourcecode.cpp.cpp; path = main.cpp; sourceTree = "<group>"; };
		9D3BB8821E0BAF0E001CCFDD /* OpenGL.framework */ = {isa = PBXFileReference; lastKnownFileType = wrapper.framework; name = OpenGL.framework; path = System/Library/Frameworks/OpenGL.framework; sourceTree = SDKROOT; };
		9D3BB8841E0BAF1B001CCFDD /* GLUT.framework */ = {isa = PBXFileReference; lastKnownFileType = wrapper.framework; name = GLUT.framework; path = System/Library/Frameworks/GLUT.framework; sourceTree = SDKROOT; };
/* End PBXFileReference section */

/* Begin PBXFrameworksBuildPhase section */
		9D3BB8741E0BAEEE001CCFDD /* Frameworks */ = {
			isa = PBXFrameworksBuildPhase;
			buildActionMask = 2147483647;
			files = (
				9D3BB8851E0BAF1B001CCFDD /* GLUT.framework in Frameworks */,
				9D3BB8831E0BAF0E001CCFDD /* OpenGL.framework in Frameworks */,
			);
			runOnlyForDeploymentPostprocessing = 0;
		};
/* End PBXFrameworksBuildPhase section */

/* Begin PBXGroup section */
		9D3BB86E1E0BAEEE001CCFDD = {
			isa = PBXGroup;
			children = (
				9D3BB8791E0BAEEE001CCFDD /* Opengl03 */,
				9D3BB8781E0BAEEE001CCFDD /* Products */,
				9D3BB8811E0BAF0E001CCFDD /* Frameworks */,
			);
			sourceTree = "<group>";
		};
		9D3BB8781E0BAEEE001CCFDD /* Products */ = {
			isa = PBXGroup;
			children = (
				9D3BB8771E0BAEEE001CCFDD /* Opengl03 */,
			);
			name = Products;
			sourceTree = "<group>";
		};
		9D3BB8791E0BAEEE001CCFDD /* Opengl03 */ = {
			isa = PBXGroup;
			children = (
				9D3BB87A1E0BAEEE001CCFDD /* main.cpp */,
			);
			path = Opengl03;
			sourceTree = "<group>";
		};
		9D3BB8811E0BAF0E001CCFDD /* Frameworks */ = {
			isa = PBXGroup;
			children = (
				9D3BB8841E0BAF1B001CCFDD /* GLUT.framework */,
				9D3BB8821E0BAF0E001CCFDD /* OpenGL.framework */,
			);
			name = Frameworks;
			sourceTree = "<group>";
		};
/* End PBXGroup section */

/* Begin PBXNativeTarget section */
		9D3BB8761E0BAEEE001CCFDD /* Opengl03 */ = {
			isa = PBXNativeTarget;
			buildConfigurationList = 9D3BB87E1E0BAEEE001CCFDD /* Build configuration list for PBXNativeTarget "Opengl03" */;
			buildPhases = (
				9D3BB8731E0BAEEE001CCFDD /* Sources */,
				9D3BB8741E0BAEEE001CCFDD /* Frameworks */,
				9D3BB8751E0BAEEE001CCFDD /* CopyFiles */,
			);
			buildRules = (
			);
			dependencies = (
			);
			name = Opengl03;
			productName = Opengl03;
			productReference = 9D3BB8771E0BAEEE001CCFDD /* Opengl03 */;
			productType = "com.apple.product-type.tool";
		};
/* End PBXNativeTarget section */

/* Begin PBXProject section */
		9D3BB86F1E0BAEEE001CCFDD /* Project object */ = {
			isa = PBXProject;
			attributes = {
				LastUpgradeCheck = 0820;
				ORGANIZATIONNAME = MakeKeyReuseable;
				TargetAttributes = {
					9D3BB8761E0BAEEE001CCFDD = {
						CreatedOnToolsVersion = 8.2.1;
						DevelopmentTeam = QBA33C9ENG;
						ProvisioningStyle = Automatic;
					};
				};
			};
			buildConfigurationList = 9D3BB8721E0BAEEE001CCFDD /* Build configuration list for PBXProject "Opengl03" */;
			compatibilityVersion = "Xcode 3.2";
			developmentRegion = English;
			hasScannedForEncodings = 0;
			knownRegions = (
				en,
			);
			mainGroup = 9D3BB86E1E0BAEEE001CCFDD;
			productRefGroup = 9D3BB8781E0BAEEE001CCFDD /* Products */;
			projectDirPath = "";
			projectRoot = "";
			targets = (
				9D3BB8761E0BAEEE001CCFDD /* Opengl03 */,
			);
		};
/* End PBXProject section */

/* Begin PBXSourcesBuildPhase section */
		9D3BB8731E0BAEEE001CCFDD /* Sources */ = {
			isa = PBXSourcesBuildPhase;
			buildActionMask = 2147483647;
			files = (
				9D3BB87B1E0BAEEE001CCFDD /* main.cpp in Sources */,
			);
			runOnlyForDeploymentPostprocessing = 0;
		};
/* End PBXSourcesBuildPhase section */

/* Begin XCBuildConfiguration section */
		9D3BB87C1E0BAEEE001CCFDD /* Debug */ = {
			isa = XCBuildConfiguration;
			buildSettings = {
				ALWAYS_SEARCH_USER_PATHS = NO;
				CLANG_ANALYZER_NONNULL = YES;
				CLANG_CXX_LANGUAGE_STANDARD = "gnu++0x";
				CLANG_CXX_LIBRARY = "libc++";
				CLANG_ENABLE_MODULES = YES;
				CLANG_ENABLE_OBJC_ARC = YES;
				CLANG_WARN_BOOL_CONVERSION = YES;
				CLANG_WARN_CONSTANT_CONVERSION = YES;
				CLANG_WARN_DIRECT_OBJC_ISA_USAGE = YES_ERROR;
				CLANG_WARN_DOCUMENTATION_COMMENTS = YES;
				CLANG_WARN_EMPTY_BODY = YES;
				CLANG_WARN_ENUM_CONVERSION = YES;
				CLANG_WARN_INFINITE_RECURSION = YES;
				CLANG_WARN_INT_CONVERSION = YES;
				CLANG_WARN_OBJC_ROOT_CLASS = YES_ERROR;
				CLANG_WARN_SUSPICIOUS_MOVE = YES;
				CLANG_WARN_UNREACHABLE_CODE = YES;
				CLANG_WARN__DUPLICATE_METHOD_MATCH = YES;
				CODE_SIGN_IDENTITY = "-";
				COPY_PHASE_STRIP = NO;
				DEBUG_INFORMATION_FORMAT = dwarf;
				ENABLE_STRICT_OBJC_MSGSEND = YES;
				ENABLE_TESTABILITY = YES;
				GCC_C_LANGUAGE_STANDARD = gnu99;
				GCC_DYNAMIC_NO_PIC = NO;
				GCC_NO_COMMON_BLOCKS = YES;
				GCC_OPTIMIZATION_LEVEL = 0;
				GCC_PREPROCESSOR_DEFINITIONS = (
					"DEBUG=1",
					"$(inherited)",
				);
				GCC_WARN_64_TO_32_BIT_CONVERSION = YES;
				GCC_WARN_ABOUT_RETURN_TYPE = YES_ERROR;
				GCC_WARN_UNDECLARED_SELECTOR = YES;
				GCC_WARN_UNINITIALIZED_AUTOS = YES_AGGRESSIVE;
				GCC_WARN_UNUSED_FUNCTION = YES;
				GCC_WARN_UNUSED_VARIABLE = YES;
				MACOSX_DEPLOYMENT_TARGET = 10.11;
				MTL_ENABLE_DEBUG_INFO = YES;
				ONLY_ACTIVE_ARCH = YES;
				SDKROOT = macosx;
			};
			name = Debug;
		};
		9D3BB87D1E0BAEEE001CCFDD /* Release */ = {
			isa = XCBuildConfiguration;
			buildSettings = {
				ALWAYS_SEARCH_USER_PATHS = NO;
				CLANG_ANALYZER_NONNULL = YES;
				CLANG_CXX_LANGUAGE_STANDARD = "gnu++0x";
				CLANG_CXX_LIBRARY = "libc++";
				CLANG_ENABLE_MODULES = YES;
				CLANG_ENABLE_OBJC_ARC = YES;
				CLANG_WARN_BOOL_CONVERSION = YES;
				CLANG_WARN_CONSTANT_CONVERSION = YES;
				CLANG_WARN_DIRECT_OBJC_ISA_USAGE = YES_ERROR;
				CLANG_WARN_DOCUMENTATION_COMMENTS = YES;
				CLANG_WARN_EMPTY_BODY = YES;
				CLANG_WARN_ENUM_CONVERSION = YES;
				CLANG_WARN_INFINITE_RECURSION = YES;
				CLANG_WARN_INT_CONVERSION = YES;
				CLANG_WARN_OBJC_ROOT_CLASS = YES_ERROR;
				CLANG_WARN_SUSPICIOUS_MOVE = YES;
				CLANG_WARN_UNREACHABLE_CODE = YES;
				CLANG_WARN__DUPLICATE_METHOD_MATCH = YES;
				CODE_SIGN_IDENTITY = "-";
				COPY_PHASE_STRIP = NO;
				DEBUG_INFORMATION_FORMAT = "dwarf-with-dsym";
				ENABLE_NS_ASSERTIONS = NO;
				ENABLE_STRICT_OBJC_MSGSEND = YES;
				GCC_C_LANGUAGE_STANDARD = gnu99;
				GCC_NO_COMMON_BLOCKS = YES;
				GCC_WARN_64_TO_32_BIT_CONVERSION = YES;
				GCC_WARN_ABOUT_RETURN_TYPE = YES_ERROR;
				GCC_WARN_UNDECLARED_SELECTOR = YES;
				GCC_WARN_UNINITIALIZED_AUTOS = YES_AGGRESSIVE;
				GCC_WARN_UNUSED_FUNCTION = YES;
				GCC_WARN_UNUSED_VARIABLE = YES;
				MACOSX_DEPLOYMENT_TARGET = 10.11;
				MTL_ENABLE_DEBUG_INFO = NO;
				SDKROOT = macosx;
			};
			name = Release;
		};
		9D3BB87F1E0BAEEE001CCFDD /* Debug */ = {
			isa = XCBuildConfiguration;
			buildSettings = {
				DEVELOPMENT_TEAM = QBA33C9ENG;
				MACOSX_DEPLOYMENT_TARGET = 10.8;
				PRODUCT_NAME = "$(TARGET_NAME)";
			};
			name = Debug;
		};
		9D3BB8801E0BAEEE001CCFDD /* Release */ = {
			isa = XCBuildConfiguration;
			buildSettings = {
				DEVELOPMENT_TEAM = QBA33C9ENG;
				MACOSX_DEPLOYMENT_TARGET = 10.8;
				PRODUCT_NAME = "$(TARGET_NAME)";
			};
			name = Release;
		};
/* End XCBuildConfiguration section */

/* Begin XCConfigurationList section */
		9D3BB8721E0BAEEE001CCFDD /* Build configuration list for PBXProject "Opengl03" */ = {
			isa = XCConfigurationList;
			buildConfigurations = (
				9D3BB87C1E0BAEEE001CCFDD /* Debug */,
				9D3BB87D1E0BAEEE001CCFDD /* Release */,
			);
			defaultConfigurationIsVisible = 0;
			defaultConfigurationName = Release;
		};
		9D3BB87E1E0BAEEE001CCFDD /* Build configuration list for PBXNativeTarget "Opengl03" */ = {
			isa = XCConfigurationList;
			buildConfigurations = (
				9D3BB87F1E0BAEEE001CCFDD /* Debug */,
				9D3BB8801E0BAEEE001CCFDD /* Release */,
			);
			defaultConfigurationIsVisible = 0;
		};
/* End XCConfigurationList section */
	};
	rootObject = 9D3BB86F1E0BAEEE001CCFDD /* Project object */;
}
