// !$*UTF8*$!
{
	archiveVersion = 1;
	classes = {
	};
	objectVersion = 50;
	objects = {

/* Begin PBXBuildFile section */
		97780CAA21A7FFE300CCCBB1 /* AppDelegate.m in Sources */ = {isa = PBXBuildFile; fileRef = 97780CA921A7FFE300CCCBB1 /* AppDelegate.m */; };
		97780CAD21A7FFE300CCCBB1 /* ViewController.m in Sources */ = {isa = PBXBuildFile; fileRef = 97780CAC21A7FFE300CCCBB1 /* ViewController.m */; };
		97780CB021A7FFE300CCCBB1 /* Main.storyboard in Resources */ = {isa = PBXBuildFile; fileRef = 97780CAE21A7FFE300CCCBB1 /* Main.storyboard */; };
		97780CB221A7FFE400CCCBB1 /* Assets.xcassets in Resources */ = {isa = PBXBuildFile; fileRef = 97780CB121A7FFE400CCCBB1 /* Assets.xcassets */; };
		97780CB521A7FFE400CCCBB1 /* LaunchScreen.storyboard in Resources */ = {isa = PBXBuildFile; fileRef = 97780CB321A7FFE400CCCBB1 /* LaunchScreen.storyboard */; };
		97780CB821A7FFE400CCCBB1 /* main.m in Sources */ = {isa = PBXBuildFile; fileRef = 97780CB721A7FFE400CCCBB1 /* main.m */; };
		97780CC021A8003700CCCBB1 /* FVertexAttribArrayBuffer.m in Sources */ = {isa = PBXBuildFile; fileRef = 97780CBF21A8003700CCCBB1 /* FVertexAttribArrayBuffer.m */; };
		97780CC321A806C700CCCBB1 /* beetle.png in Resources */ = {isa = PBXBuildFile; fileRef = 97780CC121A806C600CCCBB1 /* beetle.png */; };
		97780CC421A806C700CCCBB1 /* leaves.gif in Resources */ = {isa = PBXBuildFile; fileRef = 97780CC221A806C700CCCBB1 /* leaves.gif */; };
/* End PBXBuildFile section */

/* Begin PBXFileReference section */
		97780CA521A7FFE300CCCBB1 /* GLKit06-多重纹理.app */ = {isa = PBXFileReference; explicitFileType = wrapper.application; includeInIndex = 0; path = "GLKit06-多重纹理.app"; sourceTree = BUILT_PRODUCTS_DIR; };
		97780CA821A7FFE300CCCBB1 /* AppDelegate.h */ = {isa = PBXFileReference; lastKnownFileType = sourcecode.c.h; path = AppDelegate.h; sourceTree = "<group>"; };
		97780CA921A7FFE300CCCBB1 /* AppDelegate.m */ = {isa = PBXFileReference; lastKnownFileType = sourcecode.c.objc; path = AppDelegate.m; sourceTree = "<group>"; };
		97780CAB21A7FFE300CCCBB1 /* ViewController.h */ = {isa = PBXFileReference; lastKnownFileType = sourcecode.c.h; path = ViewController.h; sourceTree = "<group>"; };
		97780CAC21A7FFE300CCCBB1 /* ViewController.m */ = {isa = PBXFileReference; lastKnownFileType = sourcecode.c.objc; path = ViewController.m; sourceTree = "<group>"; };
		97780CAF21A7FFE300CCCBB1 /* Base */ = {isa = PBXFileReference; lastKnownFileType = file.storyboard; name = Base; path = Base.lproj/Main.storyboard; sourceTree = "<group>"; };
		97780CB121A7FFE400CCCBB1 /* Assets.xcassets */ = {isa = PBXFileReference; lastKnownFileType = folder.assetcatalog; path = Assets.xcassets; sourceTree = "<group>"; };
		97780CB421A7FFE400CCCBB1 /* Base */ = {isa = PBXFileReference; lastKnownFileType = file.storyboard; name = Base; path = Base.lproj/LaunchScreen.storyboard; sourceTree = "<group>"; };
		97780CB621A7FFE400CCCBB1 /* Info.plist */ = {isa = PBXFileReference; lastKnownFileType = text.plist.xml; path = Info.plist; sourceTree = "<group>"; };
		97780CB721A7FFE400CCCBB1 /* main.m */ = {isa = PBXFileReference; lastKnownFileType = sourcecode.c.objc; path = main.m; sourceTree = "<group>"; };
		97780CBE21A8003700CCCBB1 /* FVertexAttribArrayBuffer.h */ = {isa = PBXFileReference; lastKnownFileType = sourcecode.c.h; path = FVertexAttribArrayBuffer.h; sourceTree = "<group>"; };
		97780CBF21A8003700CCCBB1 /* FVertexAttribArrayBuffer.m */ = {isa = PBXFileReference; lastKnownFileType = sourcecode.c.objc; path = FVertexAttribArrayBuffer.m; sourceTree = "<group>"; };
		97780CC121A806C600CCCBB1 /* beetle.png */ = {isa = PBXFileReference; lastKnownFileType = image.png; name = beetle.png; path = "../../GLKit05-透明度&&混合/GLKit05-透明度&&混合/beetle.png"; sourceTree = "<group>"; };
		97780CC221A806C700CCCBB1 /* leaves.gif */ = {isa = PBXFileReference; lastKnownFileType = image.gif; name = leaves.gif; path = "../../GLKit05-透明度&&混合/GLKit05-透明度&&混合/leaves.gif"; sourceTree = "<group>"; };
/* End PBXFileReference section */

/* Begin PBXFrameworksBuildPhase section */
		97780CA221A7FFE300CCCBB1 /* Frameworks */ = {
			isa = PBXFrameworksBuildPhase;
			buildActionMask = 2147483647;
			files = (
			);
			runOnlyForDeploymentPostprocessing = 0;
		};
/* End PBXFrameworksBuildPhase section */

/* Begin PBXGroup section */
		97780C9C21A7FFE300CCCBB1 = {
			isa = PBXGroup;
			children = (
				97780CA721A7FFE300CCCBB1 /* GLKit06-多重纹理 */,
				97780CA621A7FFE300CCCBB1 /* Products */,
			);
			sourceTree = "<group>";
		};
		97780CA621A7FFE300CCCBB1 /* Products */ = {
			isa = PBXGroup;
			children = (
				97780CA521A7FFE300CCCBB1 /* GLKit06-多重纹理.app */,
			);
			name = Products;
			sourceTree = "<group>";
		};
		97780CA721A7FFE300CCCBB1 /* GLKit06-多重纹理 */ = {
			isa = PBXGroup;
			children = (
				97780CA821A7FFE300CCCBB1 /* AppDelegate.h */,
				97780CA921A7FFE300CCCBB1 /* AppDelegate.m */,
				97780CAB21A7FFE300CCCBB1 /* ViewController.h */,
				97780CAC21A7FFE300CCCBB1 /* ViewController.m */,
				97780CBE21A8003700CCCBB1 /* FVertexAttribArrayBuffer.h */,
				97780CBF21A8003700CCCBB1 /* FVertexAttribArrayBuffer.m */,
				97780CC121A806C600CCCBB1 /* beetle.png */,
				97780CC221A806C700CCCBB1 /* leaves.gif */,
				97780CAE21A7FFE300CCCBB1 /* Main.storyboard */,
				97780CB121A7FFE400CCCBB1 /* Assets.xcassets */,
				97780CB321A7FFE400CCCBB1 /* LaunchScreen.storyboard */,
				97780CB621A7FFE400CCCBB1 /* Info.plist */,
				97780CB721A7FFE400CCCBB1 /* main.m */,
			);
			path = "GLKit06-多重纹理";
			sourceTree = "<group>";
		};
/* End PBXGroup section */

/* Begin PBXNativeTarget section */
		97780CA421A7FFE300CCCBB1 /* GLKit06-多重纹理 */ = {
			isa = PBXNativeTarget;
			buildConfigurationList = 97780CBB21A7FFE400CCCBB1 /* Build configuration list for PBXNativeTarget "GLKit06-多重纹理" */;
			buildPhases = (
				97780CA121A7FFE300CCCBB1 /* Sources */,
				97780CA221A7FFE300CCCBB1 /* Frameworks */,
				97780CA321A7FFE300CCCBB1 /* Resources */,
			);
			buildRules = (
			);
			dependencies = (
			);
			name = "GLKit06-多重纹理";
			productName = "GLKit06-多重纹理";
			productReference = 97780CA521A7FFE300CCCBB1 /* GLKit06-多重纹理.app */;
			productType = "com.apple.product-type.application";
		};
/* End PBXNativeTarget section */

/* Begin PBXProject section */
		97780C9D21A7FFE300CCCBB1 /* Project object */ = {
			isa = PBXProject;
			attributes = {
				LastUpgradeCheck = 0940;
				ORGANIZATIONNAME = "Fu,Sheng";
				TargetAttributes = {
					97780CA421A7FFE300CCCBB1 = {
						CreatedOnToolsVersion = 9.4.1;
					};
				};
			};
			buildConfigurationList = 97780CA021A7FFE300CCCBB1 /* Build configuration list for PBXProject "GLKit06-多重纹理" */;
			compatibilityVersion = "Xcode 9.3";
			developmentRegion = en;
			hasScannedForEncodings = 0;
			knownRegions = (
				en,
				Base,
			);
			mainGroup = 97780C9C21A7FFE300CCCBB1;
			productRefGroup = 97780CA621A7FFE300CCCBB1 /* Products */;
			projectDirPath = "";
			projectRoot = "";
			targets = (
				97780CA421A7FFE300CCCBB1 /* GLKit06-多重纹理 */,
			);
		};
/* End PBXProject section */

/* Begin PBXResourcesBuildPhase section */
		97780CA321A7FFE300CCCBB1 /* Resources */ = {
			isa = PBXResourcesBuildPhase;
			buildActionMask = 2147483647;
			files = (
				97780CB521A7FFE400CCCBB1 /* LaunchScreen.storyboard in Resources */,
				97780CC421A806C700CCCBB1 /* leaves.gif in Resources */,
				97780CB221A7FFE400CCCBB1 /* Assets.xcassets in Resources */,
				97780CC321A806C700CCCBB1 /* beetle.png in Resources */,
				97780CB021A7FFE300CCCBB1 /* Main.storyboard in Resources */,
			);
			runOnlyForDeploymentPostprocessing = 0;
		};
/* End PBXResourcesBuildPhase section */

/* Begin PBXSourcesBuildPhase section */
		97780CA121A7FFE300CCCBB1 /* Sources */ = {
			isa = PBXSourcesBuildPhase;
			buildActionMask = 2147483647;
			files = (
				97780CC021A8003700CCCBB1 /* FVertexAttribArrayBuffer.m in Sources */,
				97780CAD21A7FFE300CCCBB1 /* ViewController.m in Sources */,
				97780CB821A7FFE400CCCBB1 /* main.m in Sources */,
				97780CAA21A7FFE300CCCBB1 /* AppDelegate.m in Sources */,
			);
			runOnlyForDeploymentPostprocessing = 0;
		};
/* End PBXSourcesBuildPhase section */

/* Begin PBXVariantGroup section */
		97780CAE21A7FFE300CCCBB1 /* Main.storyboard */ = {
			isa = PBXVariantGroup;
			children = (
				97780CAF21A7FFE300CCCBB1 /* Base */,
			);
			name = Main.storyboard;
			sourceTree = "<group>";
		};
		97780CB321A7FFE400CCCBB1 /* LaunchScreen.storyboard */ = {
			isa = PBXVariantGroup;
			children = (
				97780CB421A7FFE400CCCBB1 /* Base */,
			);
			name = LaunchScreen.storyboard;
			sourceTree = "<group>";
		};
/* End PBXVariantGroup section */

/* Begin XCBuildConfiguration section */
		97780CB921A7FFE400CCCBB1 /* Debug */ = {
			isa = XCBuildConfiguration;
			buildSettings = {
				ALWAYS_SEARCH_USER_PATHS = NO;
				CLANG_ANALYZER_NONNULL = YES;
				CLANG_ANALYZER_NUMBER_OBJECT_CONVERSION = YES_AGGRESSIVE;
				CLANG_CXX_LANGUAGE_STANDARD = "gnu++14";
				CLANG_CXX_LIBRARY = "libc++";
				CLANG_ENABLE_MODULES = YES;
				CLANG_ENABLE_OBJC_ARC = YES;
				CLANG_ENABLE_OBJC_WEAK = YES;
				CLANG_WARN_BLOCK_CAPTURE_AUTORELEASING = YES;
				CLANG_WARN_BOOL_CONVERSION = YES;
				CLANG_WARN_COMMA = YES;
				CLANG_WARN_CONSTANT_CONVERSION = YES;
				CLANG_WARN_DEPRECATED_OBJC_IMPLEMENTATIONS = YES;
				CLANG_WARN_DIRECT_OBJC_ISA_USAGE = YES_ERROR;
				CLANG_WARN_DOCUMENTATION_COMMENTS = YES;
				CLANG_WARN_EMPTY_BODY = YES;
				CLANG_WARN_ENUM_CONVERSION = YES;
				CLANG_WARN_INFINITE_RECURSION = YES;
				CLANG_WARN_INT_CONVERSION = YES;
				CLANG_WARN_NON_LITERAL_NULL_CONVERSION = YES;
				CLANG_WARN_OBJC_IMPLICIT_RETAIN_SELF = YES;
				CLANG_WARN_OBJC_LITERAL_CONVERSION = YES;
				CLANG_WARN_OBJC_ROOT_CLASS = YES_ERROR;
				CLANG_WARN_RANGE_LOOP_ANALYSIS = YES;
				CLANG_WARN_STRICT_PROTOTYPES = YES;
				CLANG_WARN_SUSPICIOUS_MOVE = YES;
				CLANG_WARN_UNGUARDED_AVAILABILITY = YES_AGGRESSIVE;
				CLANG_WARN_UNREACHABLE_CODE = YES;
				CLANG_WARN__DUPLICATE_METHOD_MATCH = YES;
				CODE_SIGN_IDENTITY = "iPhone Developer";
				COPY_PHASE_STRIP = NO;
				DEBUG_INFORMATION_FORMAT = dwarf;
				ENABLE_STRICT_OBJC_MSGSEND = YES;
				ENABLE_TESTABILITY = YES;
				GCC_C_LANGUAGE_STANDARD = gnu11;
				GCC_DYNAMIC_NO_PIC = NO;
				GCC_NO_COMMON_BLOCKS = YES;
				GCC_OPTIMIZATION_LEVEL = 0;
				GCC_PREPROCESSOR_DEFINITIONS = (
					"DEBUG=1",
					"$(inherited)",
				);
				GCC_WARN_64_TO_32_BIT_CONVERSION = YES;
				GCC_WARN_ABOUT_RETURN_TYPE = YES_ERROR;
				GCC_WARN_UNDECLARED_SELECTOR = YES;
				GCC_WARN_UNINITIALIZED_AUTOS = YES_AGGRESSIVE;
				GCC_WARN_UNUSED_FUNCTION = YES;
				GCC_WARN_UNUSED_VARIABLE = YES;
				IPHONEOS_DEPLOYMENT_TARGET = 11.4;
				MTL_ENABLE_DEBUG_INFO = YES;
				ONLY_ACTIVE_ARCH = YES;
				SDKROOT = iphoneos;
			};
			name = Debug;
		};
		97780CBA21A7FFE400CCCBB1 /* Release */ = {
			isa = XCBuildConfiguration;
			buildSettings = {
				ALWAYS_SEARCH_USER_PATHS = NO;
				CLANG_ANALYZER_NONNULL = YES;
				CLANG_ANALYZER_NUMBER_OBJECT_CONVERSION = YES_AGGRESSIVE;
				CLANG_CXX_LANGUAGE_STANDARD = "gnu++14";
				CLANG_CXX_LIBRARY = "libc++";
				CLANG_ENABLE_MODULES = YES;
				CLANG_ENABLE_OBJC_ARC = YES;
				CLANG_ENABLE_OBJC_WEAK = YES;
				CLANG_WARN_BLOCK_CAPTURE_AUTORELEASING = YES;
				CLANG_WARN_BOOL_CONVERSION = YES;
				CLANG_WARN_COMMA = YES;
				CLANG_WARN_CONSTANT_CONVERSION = YES;
				CLANG_WARN_DEPRECATED_OBJC_IMPLEMENTATIONS = YES;
				CLANG_WARN_DIRECT_OBJC_ISA_USAGE = YES_ERROR;
				CLANG_WARN_DOCUMENTATION_COMMENTS = YES;
				CLANG_WARN_EMPTY_BODY = YES;
				CLANG_WARN_ENUM_CONVERSION = YES;
				CLANG_WARN_INFINITE_RECURSION = YES;
				CLANG_WARN_INT_CONVERSION = YES;
				CLANG_WARN_NON_LITERAL_NULL_CONVERSION = YES;
				CLANG_WARN_OBJC_IMPLICIT_RETAIN_SELF = YES;
				CLANG_WARN_OBJC_LITERAL_CONVERSION = YES;
				CLANG_WARN_OBJC_ROOT_CLASS = YES_ERROR;
				CLANG_WARN_RANGE_LOOP_ANALYSIS = YES;
				CLANG_WARN_STRICT_PROTOTYPES = YES;
				CLANG_WARN_SUSPICIOUS_MOVE = YES;
				CLANG_WARN_UNGUARDED_AVAILABILITY = YES_AGGRESSIVE;
				CLANG_WARN_UNREACHABLE_CODE = YES;
				CLANG_WARN__DUPLICATE_METHOD_MATCH = YES;
				CODE_SIGN_IDENTITY = "iPhone Developer";
				COPY_PHASE_STRIP = NO;
				DEBUG_INFORMATION_FORMAT = "dwarf-with-dsym";
				ENABLE_NS_ASSERTIONS = NO;
				ENABLE_STRICT_OBJC_MSGSEND = YES;
				GCC_C_LANGUAGE_STANDARD = gnu11;
				GCC_NO_COMMON_BLOCKS = YES;
				GCC_WARN_64_TO_32_BIT_CONVERSION = YES;
				GCC_WARN_ABOUT_RETURN_TYPE = YES_ERROR;
				GCC_WARN_UNDECLARED_SELECTOR = YES;
				GCC_WARN_UNINITIALIZED_AUTOS = YES_AGGRESSIVE;
				GCC_WARN_UNUSED_FUNCTION = YES;
				GCC_WARN_UNUSED_VARIABLE = YES;
				IPHONEOS_DEPLOYMENT_TARGET = 11.4;
				MTL_ENABLE_DEBUG_INFO = NO;
				SDKROOT = iphoneos;
				VALIDATE_PRODUCT = YES;
			};
			name = Release;
		};
		97780CBC21A7FFE400CCCBB1 /* Debug */ = {
			isa = XCBuildConfiguration;
			buildSettings = {
				ASSETCATALOG_COMPILER_APPICON_NAME = AppIcon;
				CODE_SIGN_STYLE = Automatic;
				INFOPLIST_FILE = "GLKit06-多重纹理/Info.plist";
				LD_RUNPATH_SEARCH_PATHS = (
					"$(inherited)",
					"@executable_path/Frameworks",
				);
				PRODUCT_BUNDLE_IDENTIFIER = "com.baidu.com.GLKit06-----";
				PRODUCT_NAME = "$(TARGET_NAME)";
				TARGETED_DEVICE_FAMILY = "1,2";
			};
			name = Debug;
		};
		97780CBD21A7FFE400CCCBB1 /* Release */ = {
			isa = XCBuildConfiguration;
			buildSettings = {
				ASSETCATALOG_COMPILER_APPICON_NAME = AppIcon;
				CODE_SIGN_STYLE = Automatic;
				INFOPLIST_FILE = "GLKit06-多重纹理/Info.plist";
				LD_RUNPATH_SEARCH_PATHS = (
					"$(inherited)",
					"@executable_path/Frameworks",
				);
				PRODUCT_BUNDLE_IDENTIFIER = "com.baidu.com.GLKit06-----";
				PRODUCT_NAME = "$(TARGET_NAME)";
				TARGETED_DEVICE_FAMILY = "1,2";
			};
			name = Release;
		};
/* End XCBuildConfiguration section */

/* Begin XCConfigurationList section */
		97780CA021A7FFE300CCCBB1 /* Build configuration list for PBXProject "GLKit06-多重纹理" */ = {
			isa = XCConfigurationList;
			buildConfigurations = (
				97780CB921A7FFE400CCCBB1 /* Debug */,
				97780CBA21A7FFE400CCCBB1 /* Release */,
			);
			defaultConfigurationIsVisible = 0;
			defaultConfigurationName = Release;
		};
		97780CBB21A7FFE400CCCBB1 /* Build configuration list for PBXNativeTarget "GLKit06-多重纹理" */ = {
			isa = XCConfigurationList;
			buildConfigurations = (
				97780CBC21A7FFE400CCCBB1 /* Debug */,
				97780CBD21A7FFE400CCCBB1 /* Release */,
			);
			defaultConfigurationIsVisible = 0;
			defaultConfigurationName = Release;
		};
/* End XCConfigurationList section */
	};
	rootObject = 97780C9D21A7FFE300CCCBB1 /* Project object */;
}
