// !$*UTF8*$!
{
	archiveVersion = 1;
	classes = {
	};
	objectVersion = 46;
	objects = {

/* Begin PBXBuildFile section */
		9DB76DF61EF0D7BA00E1FE3E /* main.cpp in Sources */ = {isa = PBXBuildFile; fileRef = 9DB76DF51EF0D7BA00E1FE3E /* main.cpp */; };
/* End PBXBuildFile section */

/* Begin PBXCopyFilesBuildPhase section */
		9DB76DF01EF0D7BA00E1FE3E /* CopyFiles */ = {
			isa = PBXCopyFilesBuildPhase;
			buildActionMask = 2147483647;
			dstPath = /usr/share/man/man1/;
			dstSubfolderSpec = 0;
			files = (
			);
			runOnlyForDeploymentPostprocessing = 1;
		};
/* End PBXCopyFilesBuildPhase section */

/* Begin PBXFileReference section */
		9DB76DF21EF0D7BA00E1FE3E /* OpenGL01(你好,窗口) */ = {isa = PBXFileReference; explicitFileType = "compiled.mach-o.executable"; includeInIndex = 0; path = "OpenGL01(你好,窗口)"; sourceTree = BUILT_PRODUCTS_DIR; };
		9DB76DF51EF0D7BA00E1FE3E /* main.cpp */ = {isa = PBXFileReference; lastKnownFileType = sourcecode.cpp.cpp; path = main.cpp; sourceTree = "<group>"; };
/* End PBXFileReference section */

/* Begin PBXFrameworksBuildPhase section */
		9DB76DEF1EF0D7BA00E1FE3E /* Frameworks */ = {
			isa = PBXFrameworksBuildPhase;
			buildActionMask = 2147483647;
			files = (
			);
			runOnlyForDeploymentPostprocessing = 0;
		};
/* End PBXFrameworksBuildPhase section */

/* Begin PBXGroup section */
		9DB76DE91EF0D7BA00E1FE3E = {
			isa = PBXGroup;
			children = (
				9DB76DF41EF0D7BA00E1FE3E /* OpenGL01(你好,窗口) */,
				9DB76DF31EF0D7BA00E1FE3E /* Products */,
			);
			sourceTree = "<group>";
		};
		9DB76DF31EF0D7BA00E1FE3E /* Products */ = {
			isa = PBXGroup;
			children = (
				9DB76DF21EF0D7BA00E1FE3E /* OpenGL01(你好,窗口) */,
			);
			name = Products;
			sourceTree = "<group>";
		};
		9DB76DF41EF0D7BA00E1FE3E /* OpenGL01(你好,窗口) */ = {
			isa = PBXGroup;
			children = (
				9DB76DF51EF0D7BA00E1FE3E /* main.cpp */,
			);
			path = "OpenGL01(你好,窗口)";
			sourceTree = "<group>";
		};
/* End PBXGroup section */

/* Begin PBXNativeTarget section */
		9DB76DF11EF0D7BA00E1FE3E /* OpenGL01(你好,窗口) */ = {
			isa = PBXNativeTarget;
			buildConfigurationList = 9DB76DF91EF0D7BA00E1FE3E /* Build configuration list for PBXNativeTarget "OpenGL01(你好,窗口)" */;
			buildPhases = (
				9DB76DEE1EF0D7BA00E1FE3E /* Sources */,
				9DB76DEF1EF0D7BA00E1FE3E /* Frameworks */,
				9DB76DF01EF0D7BA00E1FE3E /* CopyFiles */,
			);
			buildRules = (
			);
			dependencies = (
			);
			name = "OpenGL01(你好,窗口)";
			productName = "OpenGL01(你好,窗口)";
			productReference = 9DB76DF21EF0D7BA00E1FE3E /* OpenGL01(你好,窗口) */;
			productType = "com.apple.product-type.tool";
		};
/* End PBXNativeTarget section */

/* Begin PBXProject section */
		9DB76DEA1EF0D7BA00E1FE3E /* Project object */ = {
			isa = PBXProject;
			attributes = {
				LastUpgradeCheck = 0820;
				ORGANIZATIONNAME = MakeKeyReuseable;
				TargetAttributes = {
					9DB76DF11EF0D7BA00E1FE3E = {
						CreatedOnToolsVersion = 8.2.1;
						DevelopmentTeam = QBA33C9ENG;
						ProvisioningStyle = Automatic;
					};
				};
			};
			buildConfigurationList = 9DB76DED1EF0D7BA00E1FE3E /* Build configuration list for PBXProject "OpenGL01(你好,窗口)" */;
			compatibilityVersion = "Xcode 3.2";
			developmentRegion = English;
			hasScannedForEncodings = 0;
			knownRegions = (
				en,
			);
			mainGroup = 9DB76DE91EF0D7BA00E1FE3E;
			productRefGroup = 9DB76DF31EF0D7BA00E1FE3E /* Products */;
			projectDirPath = "";
			projectRoot = "";
			targets = (
				9DB76DF11EF0D7BA00E1FE3E /* OpenGL01(你好,窗口) */,
			);
		};
/* End PBXProject section */

/* Begin PBXSourcesBuildPhase section */
		9DB76DEE1EF0D7BA00E1FE3E /* Sources */ = {
			isa = PBXSourcesBuildPhase;
			buildActionMask = 2147483647;
			files = (
				9DB76DF61EF0D7BA00E1FE3E /* main.cpp in Sources */,
			);
			runOnlyForDeploymentPostprocessing = 0;
		};
/* End PBXSourcesBuildPhase section */

/* Begin XCBuildConfiguration section */
		9DB76DF71EF0D7BA00E1FE3E /* Debug */ = {
			isa = XCBuildConfiguration;
			buildSettings = {
				ALWAYS_SEARCH_USER_PATHS = NO;
				CLANG_ANALYZER_NONNULL = YES;
				CLANG_CXX_LANGUAGE_STANDARD = "gnu++0x";
				CLANG_CXX_LIBRARY = "libc++";
				CLANG_ENABLE_MODULES = YES;
				CLANG_ENABLE_OBJC_ARC = YES;
				CLANG_WARN_BOOL_CONVERSION = YES;
				CLANG_WARN_CONSTANT_CONVERSION = YES;
				CLANG_WARN_DIRECT_OBJC_ISA_USAGE = YES_ERROR;
				CLANG_WARN_DOCUMENTATION_COMMENTS = YES;
				CLANG_WARN_EMPTY_BODY = YES;
				CLANG_WARN_ENUM_CONVERSION = YES;
				CLANG_WARN_INFINITE_RECURSION = YES;
				CLANG_WARN_INT_CONVERSION = YES;
				CLANG_WARN_OBJC_ROOT_CLASS = YES_ERROR;
				CLANG_WARN_SUSPICIOUS_MOVE = YES;
				CLANG_WARN_UNREACHABLE_CODE = YES;
				CLANG_WARN__DUPLICATE_METHOD_MATCH = YES;
				CODE_SIGN_IDENTITY = "-";
				COPY_PHASE_STRIP = NO;
				DEBUG_INFORMATION_FORMAT = dwarf;
				ENABLE_STRICT_OBJC_MSGSEND = YES;
				ENABLE_TESTABILITY = YES;
				GCC_C_LANGUAGE_STANDARD = gnu99;
				GCC_DYNAMIC_NO_PIC = NO;
				GCC_NO_COMMON_BLOCKS = YES;
				GCC_OPTIMIZATION_LEVEL = 0;
				GCC_PREPROCESSOR_DEFINITIONS = (
					"DEBUG=1",
					"$(inherited)",
				);
				GCC_WARN_64_TO_32_BIT_CONVERSION = YES;
				GCC_WARN_ABOUT_RETURN_TYPE = YES_ERROR;
				GCC_WARN_UNDECLARED_SELECTOR = YES;
				GCC_WARN_UNINITIALIZED_AUTOS = YES_AGGRESSIVE;
				GCC_WARN_UNUSED_FUNCTION = YES;
				GCC_WARN_UNUSED_VARIABLE = YES;
				MACOSX_DEPLOYMENT_TARGET = 10.11;
				MTL_ENABLE_DEBUG_INFO = YES;
				ONLY_ACTIVE_ARCH = YES;
				SDKROOT = macosx;
			};
			name = Debug;
		};
		9DB76DF81EF0D7BA00E1FE3E /* Release */ = {
			isa = XCBuildConfiguration;
			buildSettings = {
				ALWAYS_SEARCH_USER_PATHS = NO;
				CLANG_ANALYZER_NONNULL = YES;
				CLANG_CXX_LANGUAGE_STANDARD = "gnu++0x";
				CLANG_CXX_LIBRARY = "libc++";
				CLANG_ENABLE_MODULES = YES;
				CLANG_ENABLE_OBJC_ARC = YES;
				CLANG_WARN_BOOL_CONVERSION = YES;
				CLANG_WARN_CONSTANT_CONVERSION = YES;
				CLANG_WARN_DIRECT_OBJC_ISA_USAGE = YES_ERROR;
				CLANG_WARN_DOCUMENTATION_COMMENTS = YES;
				CLANG_WARN_EMPTY_BODY = YES;
				CLANG_WARN_ENUM_CONVERSION = YES;
				CLANG_WARN_INFINITE_RECURSION = YES;
				CLANG_WARN_INT_CONVERSION = YES;
				CLANG_WARN_OBJC_ROOT_CLASS = YES_ERROR;
				CLANG_WARN_SUSPICIOUS_MOVE = YES;
				CLANG_WARN_UNREACHABLE_CODE = YES;
				CLANG_WARN__DUPLICATE_METHOD_MATCH = YES;
				CODE_SIGN_IDENTITY = "-";
				COPY_PHASE_STRIP = NO;
				DEBUG_INFORMATION_FORMAT = "dwarf-with-dsym";
				ENABLE_NS_ASSERTIONS = NO;
				ENABLE_STRICT_OBJC_MSGSEND = YES;
				GCC_C_LANGUAGE_STANDARD = gnu99;
				GCC_NO_COMMON_BLOCKS = YES;
				GCC_WARN_64_TO_32_BIT_CONVERSION = YES;
				GCC_WARN_ABOUT_RETURN_TYPE = YES_ERROR;
				GCC_WARN_UNDECLARED_SELECTOR = YES;
				GCC_WARN_UNINITIALIZED_AUTOS = YES_AGGRESSIVE;
				GCC_WARN_UNUSED_FUNCTION = YES;
				GCC_WARN_UNUSED_VARIABLE = YES;
				MACOSX_DEPLOYMENT_TARGET = 10.11;
				MTL_ENABLE_DEBUG_INFO = NO;
				SDKROOT = macosx;
			};
			name = Release;
		};
		9DB76DFA1EF0D7BA00E1FE3E /* Debug */ = {
			isa = XCBuildConfiguration;
			buildSettings = {
				DEVELOPMENT_TEAM = QBA33C9ENG;
				PRODUCT_NAME = "$(TARGET_NAME)";
			};
			name = Debug;
		};
		9DB76DFB1EF0D7BA00E1FE3E /* Release */ = {
			isa = XCBuildConfiguration;
			buildSettings = {
				DEVELOPMENT_TEAM = QBA33C9ENG;
				PRODUCT_NAME = "$(TARGET_NAME)";
			};
			name = Release;
		};
/* End XCBuildConfiguration section */

/* Begin XCConfigurationList section */
		9DB76DED1EF0D7BA00E1FE3E /* Build configuration list for PBXProject "OpenGL01(你好,窗口)" */ = {
			isa = XCConfigurationList;
			buildConfigurations = (
				9DB76DF71EF0D7BA00E1FE3E /* Debug */,
				9DB76DF81EF0D7BA00E1FE3E /* Release */,
			);
			defaultConfigurationIsVisible = 0;
			defaultConfigurationName = Release;
		};
		9DB76DF91EF0D7BA00E1FE3E /* Build configuration list for PBXNativeTarget "OpenGL01(你好,窗口)" */ = {
			isa = XCConfigurationList;
			buildConfigurations = (
				9DB76DFA1EF0D7BA00E1FE3E /* Debug */,
				9DB76DFB1EF0D7BA00E1FE3E /* Release */,
			);
			defaultConfigurationIsVisible = 0;
		};
/* End XCConfigurationList section */
	};
	rootObject = 9DB76DEA1EF0D7BA00E1FE3E /* Project object */;
}
