// !$*UTF8*$!
{
	archiveVersion = 1;
	classes = {
	};
	objectVersion = 46;
	objects = {

/* Begin PBXBuildFile section */
		9DB76DF61EF0D7BA00E1FE3E /* main.cpp in Sources */ = {isa = PBXBuildFile; fileRef = 9DB76DF51EF0D7BA00E1FE3E /* main.cpp */; };
		9DB76E401EF0D81500E1FE3E /* libGLEW.2.0.0.dylib in Frameworks */ = {isa = PBXBuildFile; fileRef = 9DB76E091EF0D81500E1FE3E /* libGLEW.2.0.0.dylib */; };
		9DB76E411EF0D81500E1FE3E /* libGLEW.2.0.dylib in Frameworks */ = {isa = PBXBuildFile; fileRef = 9DB76E0A1EF0D81500E1FE3E /* libGLEW.2.0.dylib */; };
		9DB76E421EF0D81500E1FE3E /* libGLEW.a in Frameworks */ = {isa = PBXBuildFile; fileRef = 9DB76E0B1EF0D81500E1FE3E /* libGLEW.a */; };
		9DB76E431EF0D81500E1FE3E /* libGLEW.dylib in Frameworks */ = {isa = PBXBuildFile; fileRef = 9DB76E0C1EF0D81500E1FE3E /* libGLEW.dylib */; };
		9DB76E441EF0D81500E1FE3E /* README.md in Sources */ = {isa = PBXBuildFile; fileRef = 9DB76E101EF0D81500E1FE3E /* README.md */; };
		9DB76E451EF0D81500E1FE3E /* libglfw.3.2.dylib in Frameworks */ = {isa = PBXBuildFile; fileRef = 9DB76E391EF0D81500E1FE3E /* libglfw.3.2.dylib */; };
		9DB76E461EF0D81500E1FE3E /* libglfw.3.dylib in Frameworks */ = {isa = PBXBuildFile; fileRef = 9DB76E3A1EF0D81500E1FE3E /* libglfw.3.dylib */; };
		9DB76E471EF0D81500E1FE3E /* libglfw.dylib in Frameworks */ = {isa = PBXBuildFile; fileRef = 9DB76E3B1EF0D81500E1FE3E /* libglfw.dylib */; };
		9DB76E481EF0D81500E1FE3E /* README.md in Sources */ = {isa = PBXBuildFile; fileRef = 9DB76E3E1EF0D81500E1FE3E /* README.md */; };
		9DB76E491EF0D81500E1FE3E /* libgltools.a in Frameworks */ = {isa = PBXBuildFile; fileRef = 9DB76E3F1EF0D81500E1FE3E /* libgltools.a */; };
		9DB76E4C1EF0E0E900E1FE3E /* OpenGL.framework in Frameworks */ = {isa = PBXBuildFile; fileRef = 9DB76E4B1EF0E0E900E1FE3E /* OpenGL.framework */; };
/* End PBXBuildFile section */

/* Begin PBXCopyFilesBuildPhase section */
		9DB76DF01EF0D7BA00E1FE3E /* CopyFiles */ = {
			isa = PBXCopyFilesBuildPhase;
			buildActionMask = 2147483647;
			dstPath = /usr/share/man/man1/;
			dstSubfolderSpec = 0;
			files = (
			);
			runOnlyForDeploymentPostprocessing = 1;
		};
/* End PBXCopyFilesBuildPhase section */

/* Begin PBXFileReference section */
		9DB76DF21EF0D7BA00E1FE3E /* OpenGL01(你好,窗口) */ = {isa = PBXFileReference; explicitFileType = "compiled.mach-o.executable"; includeInIndex = 0; path = "OpenGL01(你好,窗口)"; sourceTree = BUILT_PRODUCTS_DIR; };
		9DB76DF51EF0D7BA00E1FE3E /* main.cpp */ = {isa = PBXFileReference; lastKnownFileType = sourcecode.cpp.cpp; path = main.cpp; sourceTree = "<group>"; };
		9DB76E001EF0D81500E1FE3E /* glewinfo */ = {isa = PBXFileReference; lastKnownFileType = "compiled.mach-o.executable"; path = glewinfo; sourceTree = "<group>"; };
		9DB76E011EF0D81500E1FE3E /* visualinfo */ = {isa = PBXFileReference; lastKnownFileType = "compiled.mach-o.executable"; path = visualinfo; sourceTree = "<group>"; };
		9DB76E041EF0D81500E1FE3E /* glew.h */ = {isa = PBXFileReference; fileEncoding = 4; lastKnownFileType = sourcecode.c.h; path = glew.h; sourceTree = "<group>"; };
		9DB76E051EF0D81500E1FE3E /* glxew.h */ = {isa = PBXFileReference; fileEncoding = 4; lastKnownFileType = sourcecode.c.h; path = glxew.h; sourceTree = "<group>"; };
		9DB76E061EF0D81500E1FE3E /* wglew.h */ = {isa = PBXFileReference; fileEncoding = 4; lastKnownFileType = sourcecode.c.h; path = wglew.h; sourceTree = "<group>"; };
		9DB76E071EF0D81500E1FE3E /* INSTALL_RECEIPT.json */ = {isa = PBXFileReference; fileEncoding = 4; lastKnownFileType = text.json; path = INSTALL_RECEIPT.json; sourceTree = "<group>"; };
		9DB76E091EF0D81500E1FE3E /* libGLEW.2.0.0.dylib */ = {isa = PBXFileReference; lastKnownFileType = "compiled.mach-o.dylib"; path = libGLEW.2.0.0.dylib; sourceTree = "<group>"; };
		9DB76E0A1EF0D81500E1FE3E /* libGLEW.2.0.dylib */ = {isa = PBXFileReference; lastKnownFileType = "compiled.mach-o.dylib"; path = libGLEW.2.0.dylib; sourceTree = "<group>"; };
		9DB76E0B1EF0D81500E1FE3E /* libGLEW.a */ = {isa = PBXFileReference; lastKnownFileType = archive.ar; path = libGLEW.a; sourceTree = "<group>"; };
		9DB76E0C1EF0D81500E1FE3E /* libGLEW.dylib */ = {isa = PBXFileReference; lastKnownFileType = "compiled.mach-o.dylib"; path = libGLEW.dylib; sourceTree = "<group>"; };
		9DB76E0E1EF0D81500E1FE3E /* glew.pc */ = {isa = PBXFileReference; fileEncoding = 4; lastKnownFileType = text; path = glew.pc; sourceTree = "<group>"; };
		9DB76E0F1EF0D81500E1FE3E /* LICENSE.txt */ = {isa = PBXFileReference; fileEncoding = 4; lastKnownFileType = text; path = LICENSE.txt; sourceTree = "<group>"; };
		9DB76E101EF0D81500E1FE3E /* README.md */ = {isa = PBXFileReference; fileEncoding = 4; lastKnownFileType = net.daringfireball.markdown; path = README.md; sourceTree = "<group>"; };
		9DB76E141EF0D81500E1FE3E /* advanced.html */ = {isa = PBXFileReference; fileEncoding = 4; lastKnownFileType = text.html; path = advanced.html; sourceTree = "<group>"; };
		9DB76E151EF0D81500E1FE3E /* basic.html */ = {isa = PBXFileReference; fileEncoding = 4; lastKnownFileType = text.html; path = basic.html; sourceTree = "<group>"; };
		9DB76E161EF0D81500E1FE3E /* build.html */ = {isa = PBXFileReference; fileEncoding = 4; lastKnownFileType = text.html; path = build.html; sourceTree = "<group>"; };
		9DB76E171EF0D81500E1FE3E /* credits.html */ = {isa = PBXFileReference; fileEncoding = 4; lastKnownFileType = text.html; path = credits.html; sourceTree = "<group>"; };
		9DB76E181EF0D81500E1FE3E /* github.png */ = {isa = PBXFileReference; lastKnownFileType = image.png; path = github.png; sourceTree = "<group>"; };
		9DB76E191EF0D81500E1FE3E /* glew.css */ = {isa = PBXFileReference; fileEncoding = 4; lastKnownFileType = text.css; path = glew.css; sourceTree = "<group>"; };
		9DB76E1A1EF0D81500E1FE3E /* glew.html */ = {isa = PBXFileReference; fileEncoding = 4; lastKnownFileType = text.html; path = glew.html; sourceTree = "<group>"; };
		9DB76E1B1EF0D81500E1FE3E /* glew.png */ = {isa = PBXFileReference; lastKnownFileType = image.png; path = glew.png; sourceTree = "<group>"; };
		9DB76E1C1EF0D81500E1FE3E /* glew.txt */ = {isa = PBXFileReference; fileEncoding = 4; lastKnownFileType = text; path = glew.txt; sourceTree = "<group>"; };
		9DB76E1D1EF0D81500E1FE3E /* glxew.html */ = {isa = PBXFileReference; fileEncoding = 4; lastKnownFileType = text.html; path = glxew.html; sourceTree = "<group>"; };
		9DB76E1E1EF0D81500E1FE3E /* gpl.txt */ = {isa = PBXFileReference; fileEncoding = 4; lastKnownFileType = text; path = gpl.txt; sourceTree = "<group>"; };
		9DB76E1F1EF0D81500E1FE3E /* index.html */ = {isa = PBXFileReference; fileEncoding = 4; lastKnownFileType = text.html; path = index.html; sourceTree = "<group>"; };
		9DB76E201EF0D81500E1FE3E /* install.html */ = {isa = PBXFileReference; fileEncoding = 4; lastKnownFileType = text.html; path = install.html; sourceTree = "<group>"; };
		9DB76E211EF0D81500E1FE3E /* khronos.txt */ = {isa = PBXFileReference; fileEncoding = 4; lastKnownFileType = text; path = khronos.txt; sourceTree = "<group>"; };
		9DB76E221EF0D81500E1FE3E /* log.html */ = {isa = PBXFileReference; fileEncoding = 4; lastKnownFileType = text.html; path = log.html; sourceTree = "<group>"; };
		9DB76E231EF0D81500E1FE3E /* mesa.txt */ = {isa = PBXFileReference; fileEncoding = 4; lastKnownFileType = text; path = mesa.txt; sourceTree = "<group>"; };
		9DB76E241EF0D81500E1FE3E /* new.png */ = {isa = PBXFileReference; lastKnownFileType = image.png; path = new.png; sourceTree = "<group>"; };
		9DB76E251EF0D81500E1FE3E /* ogl_sm.jpg */ = {isa = PBXFileReference; lastKnownFileType = image.jpeg; path = ogl_sm.jpg; sourceTree = "<group>"; };
		9DB76E261EF0D81500E1FE3E /* travis.png */ = {isa = PBXFileReference; lastKnownFileType = image.png; path = travis.png; sourceTree = "<group>"; };
		9DB76E271EF0D81500E1FE3E /* wglew.html */ = {isa = PBXFileReference; fileEncoding = 4; lastKnownFileType = text.html; path = wglew.html; sourceTree = "<group>"; };
		9DB76E2B1EF0D81500E1FE3E /* glfw.rb */ = {isa = PBXFileReference; fileEncoding = 4; lastKnownFileType = text.script.ruby; path = glfw.rb; sourceTree = "<group>"; };
		9DB76E2C1EF0D81500E1FE3E /* COPYING.txt */ = {isa = PBXFileReference; fileEncoding = 4; lastKnownFileType = text; path = COPYING.txt; sourceTree = "<group>"; };
		9DB76E2F1EF0D81500E1FE3E /* glfw3.h */ = {isa = PBXFileReference; fileEncoding = 4; lastKnownFileType = sourcecode.c.h; path = glfw3.h; sourceTree = "<group>"; };
		9DB76E301EF0D81500E1FE3E /* glfw3native.h */ = {isa = PBXFileReference; fileEncoding = 4; lastKnownFileType = sourcecode.c.h; path = glfw3native.h; sourceTree = "<group>"; };
		9DB76E311EF0D81500E1FE3E /* INSTALL_RECEIPT.json */ = {isa = PBXFileReference; fileEncoding = 4; lastKnownFileType = text.json; path = INSTALL_RECEIPT.json; sourceTree = "<group>"; };
		9DB76E351EF0D81500E1FE3E /* glfw3Config.cmake */ = {isa = PBXFileReference; fileEncoding = 4; lastKnownFileType = text; path = glfw3Config.cmake; sourceTree = "<group>"; };
		9DB76E361EF0D81500E1FE3E /* glfw3ConfigVersion.cmake */ = {isa = PBXFileReference; fileEncoding = 4; lastKnownFileType = text; path = glfw3ConfigVersion.cmake; sourceTree = "<group>"; };
		9DB76E371EF0D81500E1FE3E /* glfw3Targets-release.cmake */ = {isa = PBXFileReference; fileEncoding = 4; lastKnownFileType = text; path = "glfw3Targets-release.cmake"; sourceTree = "<group>"; };
		9DB76E381EF0D81500E1FE3E /* glfw3Targets.cmake */ = {isa = PBXFileReference; fileEncoding = 4; lastKnownFileType = text; path = glfw3Targets.cmake; sourceTree = "<group>"; };
		9DB76E391EF0D81500E1FE3E /* libglfw.3.2.dylib */ = {isa = PBXFileReference; lastKnownFileType = "compiled.mach-o.dylib"; path = libglfw.3.2.dylib; sourceTree = "<group>"; };
		9DB76E3A1EF0D81500E1FE3E /* libglfw.3.dylib */ = {isa = PBXFileReference; lastKnownFileType = "compiled.mach-o.dylib"; path = libglfw.3.dylib; sourceTree = "<group>"; };
		9DB76E3B1EF0D81500E1FE3E /* libglfw.dylib */ = {isa = PBXFileReference; lastKnownFileType = "compiled.mach-o.dylib"; path = libglfw.dylib; sourceTree = "<group>"; };
		9DB76E3D1EF0D81500E1FE3E /* glfw3.pc */ = {isa = PBXFileReference; fileEncoding = 4; lastKnownFileType = text; path = glfw3.pc; sourceTree = "<group>"; };
		9DB76E3E1EF0D81500E1FE3E /* README.md */ = {isa = PBXFileReference; fileEncoding = 4; lastKnownFileType = net.daringfireball.markdown; path = README.md; sourceTree = "<group>"; };
		9DB76E3F1EF0D81500E1FE3E /* libgltools.a */ = {isa = PBXFileReference; lastKnownFileType = archive.ar; path = libgltools.a; sourceTree = "<group>"; };
		9DB76E4B1EF0E0E900E1FE3E /* OpenGL.framework */ = {isa = PBXFileReference; lastKnownFileType = wrapper.framework; name = OpenGL.framework; path = System/Library/Frameworks/OpenGL.framework; sourceTree = SDKROOT; };
		9DB76E4D1EF0E4BE00E1FE3E /* GLUT.framework */ = {isa = PBXFileReference; lastKnownFileType = wrapper.framework; name = GLUT.framework; path = System/Library/Frameworks/GLUT.framework; sourceTree = SDKROOT; };
/* End PBXFileReference section */

/* Begin PBXFrameworksBuildPhase section */
		9DB76DEF1EF0D7BA00E1FE3E /* Frameworks */ = {
			isa = PBXFrameworksBuildPhase;
			buildActionMask = 2147483647;
			files = (
				9DB76E4C1EF0E0E900E1FE3E /* OpenGL.framework in Frameworks */,
				9DB76E471EF0D81500E1FE3E /* libglfw.dylib in Frameworks */,
				9DB76E401EF0D81500E1FE3E /* libGLEW.2.0.0.dylib in Frameworks */,
				9DB76E461EF0D81500E1FE3E /* libglfw.3.dylib in Frameworks */,
				9DB76E431EF0D81500E1FE3E /* libGLEW.dylib in Frameworks */,
				9DB76E411EF0D81500E1FE3E /* libGLEW.2.0.dylib in Frameworks */,
				9DB76E451EF0D81500E1FE3E /* libglfw.3.2.dylib in Frameworks */,
				9DB76E491EF0D81500E1FE3E /* libgltools.a in Frameworks */,
				9DB76E421EF0D81500E1FE3E /* libGLEW.a in Frameworks */,
			);
			runOnlyForDeploymentPostprocessing = 0;
		};
/* End PBXFrameworksBuildPhase section */

/* Begin PBXGroup section */
		9DB76DE91EF0D7BA00E1FE3E = {
			isa = PBXGroup;
			children = (
				9DB76DFC1EF0D81500E1FE3E /* OpenGL */,
				9DB76DF41EF0D7BA00E1FE3E /* OpenGL01(你好,窗口) */,
				9DB76DF31EF0D7BA00E1FE3E /* Products */,
				9DB76E4A1EF0E0E900E1FE3E /* Frameworks */,
			);
			sourceTree = "<group>";
		};
		9DB76DF31EF0D7BA00E1FE3E /* Products */ = {
			isa = PBXGroup;
			children = (
				9DB76DF21EF0D7BA00E1FE3E /* OpenGL01(你好,窗口) */,
			);
			name = Products;
			sourceTree = "<group>";
		};
		9DB76DF41EF0D7BA00E1FE3E /* OpenGL01(你好,窗口) */ = {
			isa = PBXGroup;
			children = (
				9DB76DF51EF0D7BA00E1FE3E /* main.cpp */,
			);
			path = "OpenGL01(你好,窗口)";
			sourceTree = "<group>";
		};
		9DB76DFC1EF0D81500E1FE3E /* OpenGL */ = {
			isa = PBXGroup;
			children = (
				9DB76DFD1EF0D81500E1FE3E /* glew */,
				9DB76E281EF0D81500E1FE3E /* glfw */,
				9DB76E3F1EF0D81500E1FE3E /* libgltools.a */,
			);
			path = OpenGL;
			sourceTree = "<group>";
		};
		9DB76DFD1EF0D81500E1FE3E /* glew */ = {
			isa = PBXGroup;
			children = (
				9DB76DFE1EF0D81500E1FE3E /* 2.0.0 */,
			);
			path = glew;
			sourceTree = "<group>";
		};
		9DB76DFE1EF0D81500E1FE3E /* 2.0.0 */ = {
			isa = PBXGroup;
			children = (
				9DB76DFF1EF0D81500E1FE3E /* bin */,
				9DB76E021EF0D81500E1FE3E /* include */,
				9DB76E071EF0D81500E1FE3E /* INSTALL_RECEIPT.json */,
				9DB76E081EF0D81500E1FE3E /* lib */,
				9DB76E0F1EF0D81500E1FE3E /* LICENSE.txt */,
				9DB76E101EF0D81500E1FE3E /* README.md */,
				9DB76E111EF0D81500E1FE3E /* share */,
			);
			path = 2.0.0;
			sourceTree = "<group>";
		};
		9DB76DFF1EF0D81500E1FE3E /* bin */ = {
			isa = PBXGroup;
			children = (
				9DB76E001EF0D81500E1FE3E /* glewinfo */,
				9DB76E011EF0D81500E1FE3E /* visualinfo */,
			);
			path = bin;
			sourceTree = "<group>";
		};
		9DB76E021EF0D81500E1FE3E /* include */ = {
			isa = PBXGroup;
			children = (
				9DB76E031EF0D81500E1FE3E /* GL */,
			);
			path = include;
			sourceTree = "<group>";
		};
		9DB76E031EF0D81500E1FE3E /* GL */ = {
			isa = PBXGroup;
			children = (
				9DB76E041EF0D81500E1FE3E /* glew.h */,
				9DB76E051EF0D81500E1FE3E /* glxew.h */,
				9DB76E061EF0D81500E1FE3E /* wglew.h */,
			);
			path = GL;
			sourceTree = "<group>";
		};
		9DB76E081EF0D81500E1FE3E /* lib */ = {
			isa = PBXGroup;
			children = (
				9DB76E091EF0D81500E1FE3E /* libGLEW.2.0.0.dylib */,
				9DB76E0A1EF0D81500E1FE3E /* libGLEW.2.0.dylib */,
				9DB76E0B1EF0D81500E1FE3E /* libGLEW.a */,
				9DB76E0C1EF0D81500E1FE3E /* libGLEW.dylib */,
				9DB76E0D1EF0D81500E1FE3E /* pkgconfig */,
			);
			path = lib;
			sourceTree = "<group>";
		};
		9DB76E0D1EF0D81500E1FE3E /* pkgconfig */ = {
			isa = PBXGroup;
			children = (
				9DB76E0E1EF0D81500E1FE3E /* glew.pc */,
			);
			path = pkgconfig;
			sourceTree = "<group>";
		};
		9DB76E111EF0D81500E1FE3E /* share */ = {
			isa = PBXGroup;
			children = (
				9DB76E121EF0D81500E1FE3E /* doc */,
			);
			path = share;
			sourceTree = "<group>";
		};
		9DB76E121EF0D81500E1FE3E /* doc */ = {
			isa = PBXGroup;
			children = (
				9DB76E131EF0D81500E1FE3E /* glew */,
			);
			path = doc;
			sourceTree = "<group>";
		};
		9DB76E131EF0D81500E1FE3E /* glew */ = {
			isa = PBXGroup;
			children = (
				9DB76E141EF0D81500E1FE3E /* advanced.html */,
				9DB76E151EF0D81500E1FE3E /* basic.html */,
				9DB76E161EF0D81500E1FE3E /* build.html */,
				9DB76E171EF0D81500E1FE3E /* credits.html */,
				9DB76E181EF0D81500E1FE3E /* github.png */,
				9DB76E191EF0D81500E1FE3E /* glew.css */,
				9DB76E1A1EF0D81500E1FE3E /* glew.html */,
				9DB76E1B1EF0D81500E1FE3E /* glew.png */,
				9DB76E1C1EF0D81500E1FE3E /* glew.txt */,
				9DB76E1D1EF0D81500E1FE3E /* glxew.html */,
				9DB76E1E1EF0D81500E1FE3E /* gpl.txt */,
				9DB76E1F1EF0D81500E1FE3E /* index.html */,
				9DB76E201EF0D81500E1FE3E /* install.html */,
				9DB76E211EF0D81500E1FE3E /* khronos.txt */,
				9DB76E221EF0D81500E1FE3E /* log.html */,
				9DB76E231EF0D81500E1FE3E /* mesa.txt */,
				9DB76E241EF0D81500E1FE3E /* new.png */,
				9DB76E251EF0D81500E1FE3E /* ogl_sm.jpg */,
				9DB76E261EF0D81500E1FE3E /* travis.png */,
				9DB76E271EF0D81500E1FE3E /* wglew.html */,
			);
			path = glew;
			sourceTree = "<group>";
		};
		9DB76E281EF0D81500E1FE3E /* glfw */ = {
			isa = PBXGroup;
			children = (
				9DB76E291EF0D81500E1FE3E /* 3.2.1 */,
			);
			path = glfw;
			sourceTree = "<group>";
		};
		9DB76E291EF0D81500E1FE3E /* 3.2.1 */ = {
			isa = PBXGroup;
			children = (
				9DB76E2A1EF0D81500E1FE3E /* .brew */,
				9DB76E2C1EF0D81500E1FE3E /* COPYING.txt */,
				9DB76E2D1EF0D81500E1FE3E /* include */,
				9DB76E311EF0D81500E1FE3E /* INSTALL_RECEIPT.json */,
				9DB76E321EF0D81500E1FE3E /* lib */,
				9DB76E3E1EF0D81500E1FE3E /* README.md */,
			);
			path = 3.2.1;
			sourceTree = "<group>";
		};
		9DB76E2A1EF0D81500E1FE3E /* .brew */ = {
			isa = PBXGroup;
			children = (
				9DB76E2B1EF0D81500E1FE3E /* glfw.rb */,
			);
			path = .brew;
			sourceTree = "<group>";
		};
		9DB76E2D1EF0D81500E1FE3E /* include */ = {
			isa = PBXGroup;
			children = (
				9DB76E2E1EF0D81500E1FE3E /* GLFW */,
			);
			path = include;
			sourceTree = "<group>";
		};
		9DB76E2E1EF0D81500E1FE3E /* GLFW */ = {
			isa = PBXGroup;
			children = (
				9DB76E2F1EF0D81500E1FE3E /* glfw3.h */,
				9DB76E301EF0D81500E1FE3E /* glfw3native.h */,
			);
			path = GLFW;
			sourceTree = "<group>";
		};
		9DB76E321EF0D81500E1FE3E /* lib */ = {
			isa = PBXGroup;
			children = (
				9DB76E331EF0D81500E1FE3E /* cmake */,
				9DB76E391EF0D81500E1FE3E /* libglfw.3.2.dylib */,
				9DB76E3A1EF0D81500E1FE3E /* libglfw.3.dylib */,
				9DB76E3B1EF0D81500E1FE3E /* libglfw.dylib */,
				9DB76E3C1EF0D81500E1FE3E /* pkgconfig */,
			);
			path = lib;
			sourceTree = "<group>";
		};
		9DB76E331EF0D81500E1FE3E /* cmake */ = {
			isa = PBXGroup;
			children = (
				9DB76E341EF0D81500E1FE3E /* glfw3 */,
			);
			path = cmake;
			sourceTree = "<group>";
		};
		9DB76E341EF0D81500E1FE3E /* glfw3 */ = {
			isa = PBXGroup;
			children = (
				9DB76E351EF0D81500E1FE3E /* glfw3Config.cmake */,
				9DB76E361EF0D81500E1FE3E /* glfw3ConfigVersion.cmake */,
				9DB76E371EF0D81500E1FE3E /* glfw3Targets-release.cmake */,
				9DB76E381EF0D81500E1FE3E /* glfw3Targets.cmake */,
			);
			path = glfw3;
			sourceTree = "<group>";
		};
		9DB76E3C1EF0D81500E1FE3E /* pkgconfig */ = {
			isa = PBXGroup;
			children = (
				9DB76E3D1EF0D81500E1FE3E /* glfw3.pc */,
			);
			path = pkgconfig;
			sourceTree = "<group>";
		};
		9DB76E4A1EF0E0E900E1FE3E /* Frameworks */ = {
			isa = PBXGroup;
			children = (
				9DB76E4D1EF0E4BE00E1FE3E /* GLUT.framework */,
				9DB76E4B1EF0E0E900E1FE3E /* OpenGL.framework */,
			);
			name = Frameworks;
			sourceTree = "<group>";
		};
/* End PBXGroup section */

/* Begin PBXNativeTarget section */
		9DB76DF11EF0D7BA00E1FE3E /* OpenGL01(你好,窗口) */ = {
			isa = PBXNativeTarget;
			buildConfigurationList = 9DB76DF91EF0D7BA00E1FE3E /* Build configuration list for PBXNativeTarget "OpenGL01(你好,窗口)" */;
			buildPhases = (
				9DB76DEE1EF0D7BA00E1FE3E /* Sources */,
				9DB76DEF1EF0D7BA00E1FE3E /* Frameworks */,
				9DB76DF01EF0D7BA00E1FE3E /* CopyFiles */,
			);
			buildRules = (
			);
			dependencies = (
			);
			name = "OpenGL01(你好,窗口)";
			productName = "OpenGL01(你好,窗口)";
			productReference = 9DB76DF21EF0D7BA00E1FE3E /* OpenGL01(你好,窗口) */;
			productType = "com.apple.product-type.tool";
		};
/* End PBXNativeTarget section */

/* Begin PBXProject section */
		9DB76DEA1EF0D7BA00E1FE3E /* Project object */ = {
			isa = PBXProject;
			attributes = {
				LastUpgradeCheck = 0820;
				ORGANIZATIONNAME = MakeKeyReuseable;
				TargetAttributes = {
					9DB76DF11EF0D7BA00E1FE3E = {
						CreatedOnToolsVersion = 8.2.1;
						DevelopmentTeam = QBA33C9ENG;
						ProvisioningStyle = Automatic;
					};
				};
			};
			buildConfigurationList = 9DB76DED1EF0D7BA00E1FE3E /* Build configuration list for PBXProject "OpenGL01(你好,窗口)" */;
			compatibilityVersion = "Xcode 3.2";
			developmentRegion = English;
			hasScannedForEncodings = 0;
			knownRegions = (
				en,
			);
			mainGroup = 9DB76DE91EF0D7BA00E1FE3E;
			productRefGroup = 9DB76DF31EF0D7BA00E1FE3E /* Products */;
			projectDirPath = "";
			projectRoot = "";
			targets = (
				9DB76DF11EF0D7BA00E1FE3E /* OpenGL01(你好,窗口) */,
			);
		};
/* End PBXProject section */

/* Begin PBXSourcesBuildPhase section */
		9DB76DEE1EF0D7BA00E1FE3E /* Sources */ = {
			isa = PBXSourcesBuildPhase;
			buildActionMask = 2147483647;
			files = (
				9DB76E481EF0D81500E1FE3E /* README.md in Sources */,
				9DB76E441EF0D81500E1FE3E /* README.md in Sources */,
				9DB76DF61EF0D7BA00E1FE3E /* main.cpp in Sources */,
			);
			runOnlyForDeploymentPostprocessing = 0;
		};
/* End PBXSourcesBuildPhase section */

/* Begin XCBuildConfiguration section */
		9DB76DF71EF0D7BA00E1FE3E /* Debug */ = {
			isa = XCBuildConfiguration;
			buildSettings = {
				ALWAYS_SEARCH_USER_PATHS = NO;
				CLANG_ANALYZER_NONNULL = YES;
				CLANG_CXX_LANGUAGE_STANDARD = "gnu++0x";
				CLANG_CXX_LIBRARY = "libc++";
				CLANG_ENABLE_MODULES = YES;
				CLANG_ENABLE_OBJC_ARC = YES;
				CLANG_WARN_BOOL_CONVERSION = YES;
				CLANG_WARN_CONSTANT_CONVERSION = YES;
				CLANG_WARN_DIRECT_OBJC_ISA_USAGE = YES_ERROR;
				CLANG_WARN_DOCUMENTATION_COMMENTS = YES;
				CLANG_WARN_EMPTY_BODY = YES;
				CLANG_WARN_ENUM_CONVERSION = YES;
				CLANG_WARN_INFINITE_RECURSION = YES;
				CLANG_WARN_INT_CONVERSION = YES;
				CLANG_WARN_OBJC_ROOT_CLASS = YES_ERROR;
				CLANG_WARN_SUSPICIOUS_MOVE = YES;
				CLANG_WARN_UNREACHABLE_CODE = YES;
				CLANG_WARN__DUPLICATE_METHOD_MATCH = YES;
				CODE_SIGN_IDENTITY = "-";
				COPY_PHASE_STRIP = NO;
				DEBUG_INFORMATION_FORMAT = dwarf;
				ENABLE_STRICT_OBJC_MSGSEND = YES;
				ENABLE_TESTABILITY = YES;
				GCC_C_LANGUAGE_STANDARD = gnu99;
				GCC_DYNAMIC_NO_PIC = NO;
				GCC_NO_COMMON_BLOCKS = YES;
				GCC_OPTIMIZATION_LEVEL = 0;
				GCC_PREPROCESSOR_DEFINITIONS = (
					"DEBUG=1",
					"$(inherited)",
				);
				GCC_WARN_64_TO_32_BIT_CONVERSION = YES;
				GCC_WARN_ABOUT_RETURN_TYPE = YES_ERROR;
				GCC_WARN_UNDECLARED_SELECTOR = YES;
				GCC_WARN_UNINITIALIZED_AUTOS = YES_AGGRESSIVE;
				GCC_WARN_UNUSED_FUNCTION = YES;
				GCC_WARN_UNUSED_VARIABLE = YES;
				MACOSX_DEPLOYMENT_TARGET = 10.7;
				MTL_ENABLE_DEBUG_INFO = YES;
				ONLY_ACTIVE_ARCH = YES;
				SDKROOT = macosx;
			};
			name = Debug;
		};
		9DB76DF81EF0D7BA00E1FE3E /* Release */ = {
			isa = XCBuildConfiguration;
			buildSettings = {
				ALWAYS_SEARCH_USER_PATHS = NO;
				CLANG_ANALYZER_NONNULL = YES;
				CLANG_CXX_LANGUAGE_STANDARD = "gnu++0x";
				CLANG_CXX_LIBRARY = "libc++";
				CLANG_ENABLE_MODULES = YES;
				CLANG_ENABLE_OBJC_ARC = YES;
				CLANG_WARN_BOOL_CONVERSION = YES;
				CLANG_WARN_CONSTANT_CONVERSION = YES;
				CLANG_WARN_DIRECT_OBJC_ISA_USAGE = YES_ERROR;
				CLANG_WARN_DOCUMENTATION_COMMENTS = YES;
				CLANG_WARN_EMPTY_BODY = YES;
				CLANG_WARN_ENUM_CONVERSION = YES;
				CLANG_WARN_INFINITE_RECURSION = YES;
				CLANG_WARN_INT_CONVERSION = YES;
				CLANG_WARN_OBJC_ROOT_CLASS = YES_ERROR;
				CLANG_WARN_SUSPICIOUS_MOVE = YES;
				CLANG_WARN_UNREACHABLE_CODE = YES;
				CLANG_WARN__DUPLICATE_METHOD_MATCH = YES;
				CODE_SIGN_IDENTITY = "-";
				COPY_PHASE_STRIP = NO;
				DEBUG_INFORMATION_FORMAT = "dwarf-with-dsym";
				ENABLE_NS_ASSERTIONS = NO;
				ENABLE_STRICT_OBJC_MSGSEND = YES;
				GCC_C_LANGUAGE_STANDARD = gnu99;
				GCC_NO_COMMON_BLOCKS = YES;
				GCC_WARN_64_TO_32_BIT_CONVERSION = YES;
				GCC_WARN_ABOUT_RETURN_TYPE = YES_ERROR;
				GCC_WARN_UNDECLARED_SELECTOR = YES;
				GCC_WARN_UNINITIALIZED_AUTOS = YES_AGGRESSIVE;
				GCC_WARN_UNUSED_FUNCTION = YES;
				GCC_WARN_UNUSED_VARIABLE = YES;
				MACOSX_DEPLOYMENT_TARGET = 10.7;
				MTL_ENABLE_DEBUG_INFO = NO;
				SDKROOT = macosx;
			};
			name = Release;
		};
		9DB76DFA1EF0D7BA00E1FE3E /* Debug */ = {
			isa = XCBuildConfiguration;
			buildSettings = {
				DEVELOPMENT_TEAM = QBA33C9ENG;
				LIBRARY_SEARCH_PATHS = (
					"$(inherited)",
					"$(PROJECT_DIR)/OpenGL/glew/2.0.0/lib",
					"$(PROJECT_DIR)/OpenGL/glfw/3.2.1/lib",
					"$(PROJECT_DIR)/OpenGL",
				);
				MACOSX_DEPLOYMENT_TARGET = 10.7;
				PRODUCT_NAME = "$(TARGET_NAME)";
			};
			name = Debug;
		};
		9DB76DFB1EF0D7BA00E1FE3E /* Release */ = {
			isa = XCBuildConfiguration;
			buildSettings = {
				DEVELOPMENT_TEAM = QBA33C9ENG;
				LIBRARY_SEARCH_PATHS = (
					"$(inherited)",
					"$(PROJECT_DIR)/OpenGL/glew/2.0.0/lib",
					"$(PROJECT_DIR)/OpenGL/glfw/3.2.1/lib",
					"$(PROJECT_DIR)/OpenGL",
				);
				MACOSX_DEPLOYMENT_TARGET = 10.7;
				PRODUCT_NAME = "$(TARGET_NAME)";
			};
			name = Release;
		};
/* End XCBuildConfiguration section */

/* Begin XCConfigurationList section */
		9DB76DED1EF0D7BA00E1FE3E /* Build configuration list for PBXProject "OpenGL01(你好,窗口)" */ = {
			isa = XCConfigurationList;
			buildConfigurations = (
				9DB76DF71EF0D7BA00E1FE3E /* Debug */,
				9DB76DF81EF0D7BA00E1FE3E /* Release */,
			);
			defaultConfigurationIsVisible = 0;
			defaultConfigurationName = Release;
		};
		9DB76DF91EF0D7BA00E1FE3E /* Build configuration list for PBXNativeTarget "OpenGL01(你好,窗口)" */ = {
			isa = XCConfigurationList;
			buildConfigurations = (
				9DB76DFA1EF0D7BA00E1FE3E /* Debug */,
				9DB76DFB1EF0D7BA00E1FE3E /* Release */,
			);
			defaultConfigurationIsVisible = 0;
			defaultConfigurationName = Release;
		};
/* End XCConfigurationList section */
	};
	rootObject = 9DB76DEA1EF0D7BA00E1FE3E /* Project object */;
}
