// !$*UTF8*$!
{
	archiveVersion = 1;
	classes = {
	};
	objectVersion = 50;
	objects = {

/* Begin PBXBuildFile section */
		12B0F23C21A59BA800B477EB /* AppDelegate.m in Sources */ = {isa = PBXBuildFile; fileRef = 12B0F23B21A59BA800B477EB /* AppDelegate.m */; };
		12B0F23F21A59BA800B477EB /* ViewController.m in Sources */ = {isa = PBXBuildFile; fileRef = 12B0F23E21A59BA800B477EB /* ViewController.m */; };
		12B0F24221A59BA800B477EB /* Main.storyboard in Resources */ = {isa = PBXBuildFile; fileRef = 12B0F24021A59BA800B477EB /* Main.storyboard */; };
		12B0F24421A59BAA00B477EB /* Assets.xcassets in Resources */ = {isa = PBXBuildFile; fileRef = 12B0F24321A59BAA00B477EB /* Assets.xcassets */; };
		12B0F24721A59BAA00B477EB /* LaunchScreen.storyboard in Resources */ = {isa = PBXBuildFile; fileRef = 12B0F24521A59BAA00B477EB /* LaunchScreen.storyboard */; };
		12B0F24A21A59BAA00B477EB /* main.m in Sources */ = {isa = PBXBuildFile; fileRef = 12B0F24921A59BAA00B477EB /* main.m */; };
		974090BA21A6841D004B9A83 /* FGLVertexAttribArrayBuffer.m in Sources */ = {isa = PBXBuildFile; fileRef = 974090B921A6841D004B9A83 /* FGLVertexAttribArrayBuffer.m */; };
/* End PBXBuildFile section */

/* Begin PBXFileReference section */
		12B0F23721A59BA800B477EB /* GLKit03-纹理.app */ = {isa = PBXFileReference; explicitFileType = wrapper.application; includeInIndex = 0; path = "GLKit03-纹理.app"; sourceTree = BUILT_PRODUCTS_DIR; };
		12B0F23A21A59BA800B477EB /* AppDelegate.h */ = {isa = PBXFileReference; lastKnownFileType = sourcecode.c.h; path = AppDelegate.h; sourceTree = "<group>"; };
		12B0F23B21A59BA800B477EB /* AppDelegate.m */ = {isa = PBXFileReference; lastKnownFileType = sourcecode.c.objc; path = AppDelegate.m; sourceTree = "<group>"; };
		12B0F23D21A59BA800B477EB /* ViewController.h */ = {isa = PBXFileReference; lastKnownFileType = sourcecode.c.h; path = ViewController.h; sourceTree = "<group>"; };
		12B0F23E21A59BA800B477EB /* ViewController.m */ = {isa = PBXFileReference; lastKnownFileType = sourcecode.c.objc; path = ViewController.m; sourceTree = "<group>"; };
		12B0F24121A59BA800B477EB /* Base */ = {isa = PBXFileReference; lastKnownFileType = file.storyboard; name = Base; path = Base.lproj/Main.storyboard; sourceTree = "<group>"; };
		12B0F24321A59BAA00B477EB /* Assets.xcassets */ = {isa = PBXFileReference; lastKnownFileType = folder.assetcatalog; path = Assets.xcassets; sourceTree = "<group>"; };
		12B0F24621A59BAA00B477EB /* Base */ = {isa = PBXFileReference; lastKnownFileType = file.storyboard; name = Base; path = Base.lproj/LaunchScreen.storyboard; sourceTree = "<group>"; };
		12B0F24821A59BAA00B477EB /* Info.plist */ = {isa = PBXFileReference; lastKnownFileType = text.plist.xml; path = Info.plist; sourceTree = "<group>"; };
		12B0F24921A59BAA00B477EB /* main.m */ = {isa = PBXFileReference; lastKnownFileType = sourcecode.c.objc; path = main.m; sourceTree = "<group>"; };
		974090B821A6841D004B9A83 /* FGLVertexAttribArrayBuffer.h */ = {isa = PBXFileReference; lastKnownFileType = sourcecode.c.h; path = FGLVertexAttribArrayBuffer.h; sourceTree = "<group>"; };
		974090B921A6841D004B9A83 /* FGLVertexAttribArrayBuffer.m */ = {isa = PBXFileReference; lastKnownFileType = sourcecode.c.objc; path = FGLVertexAttribArrayBuffer.m; sourceTree = "<group>"; };
/* End PBXFileReference section */

/* Begin PBXFrameworksBuildPhase section */
		12B0F23421A59BA800B477EB /* Frameworks */ = {
			isa = PBXFrameworksBuildPhase;
			buildActionMask = 2147483647;
			files = (
			);
			runOnlyForDeploymentPostprocessing = 0;
		};
/* End PBXFrameworksBuildPhase section */

/* Begin PBXGroup section */
		12B0F22E21A59BA800B477EB = {
			isa = PBXGroup;
			children = (
				12B0F23921A59BA800B477EB /* GLKit03-纹理 */,
				12B0F23821A59BA800B477EB /* Products */,
			);
			sourceTree = "<group>";
		};
		12B0F23821A59BA800B477EB /* Products */ = {
			isa = PBXGroup;
			children = (
				12B0F23721A59BA800B477EB /* GLKit03-纹理.app */,
			);
			name = Products;
			sourceTree = "<group>";
		};
		12B0F23921A59BA800B477EB /* GLKit03-纹理 */ = {
			isa = PBXGroup;
			children = (
				12B0F23A21A59BA800B477EB /* AppDelegate.h */,
				12B0F23B21A59BA800B477EB /* AppDelegate.m */,
				12B0F23D21A59BA800B477EB /* ViewController.h */,
				12B0F23E21A59BA800B477EB /* ViewController.m */,
				974090B821A6841D004B9A83 /* FGLVertexAttribArrayBuffer.h */,
				974090B921A6841D004B9A83 /* FGLVertexAttribArrayBuffer.m */,
				12B0F24021A59BA800B477EB /* Main.storyboard */,
				12B0F24321A59BAA00B477EB /* Assets.xcassets */,
				12B0F24521A59BAA00B477EB /* LaunchScreen.storyboard */,
				12B0F24821A59BAA00B477EB /* Info.plist */,
				12B0F24921A59BAA00B477EB /* main.m */,
			);
			path = "GLKit03-纹理";
			sourceTree = "<group>";
		};
/* End PBXGroup section */

/* Begin PBXNativeTarget section */
		12B0F23621A59BA800B477EB /* GLKit03-纹理 */ = {
			isa = PBXNativeTarget;
			buildConfigurationList = 12B0F24D21A59BAA00B477EB /* Build configuration list for PBXNativeTarget "GLKit03-纹理" */;
			buildPhases = (
				12B0F23321A59BA800B477EB /* Sources */,
				12B0F23421A59BA800B477EB /* Frameworks */,
				12B0F23521A59BA800B477EB /* Resources */,
			);
			buildRules = (
			);
			dependencies = (
			);
			name = "GLKit03-纹理";
			productName = "GLKit03-纹理";
			productReference = 12B0F23721A59BA800B477EB /* GLKit03-纹理.app */;
			productType = "com.apple.product-type.application";
		};
/* End PBXNativeTarget section */

/* Begin PBXProject section */
		12B0F22F21A59BA800B477EB /* Project object */ = {
			isa = PBXProject;
			attributes = {
				LastUpgradeCheck = 1010;
				ORGANIZATIONNAME = "shoon fu";
				TargetAttributes = {
					12B0F23621A59BA800B477EB = {
						CreatedOnToolsVersion = 10.1;
					};
				};
			};
			buildConfigurationList = 12B0F23221A59BA800B477EB /* Build configuration list for PBXProject "GLKit03-纹理" */;
			compatibilityVersion = "Xcode 9.3";
			developmentRegion = en;
			hasScannedForEncodings = 0;
			knownRegions = (
				en,
				Base,
			);
			mainGroup = 12B0F22E21A59BA800B477EB;
			productRefGroup = 12B0F23821A59BA800B477EB /* Products */;
			projectDirPath = "";
			projectRoot = "";
			targets = (
				12B0F23621A59BA800B477EB /* GLKit03-纹理 */,
			);
		};
/* End PBXProject section */

/* Begin PBXResourcesBuildPhase section */
		12B0F23521A59BA800B477EB /* Resources */ = {
			isa = PBXResourcesBuildPhase;
			buildActionMask = 2147483647;
			files = (
				12B0F24721A59BAA00B477EB /* LaunchScreen.storyboard in Resources */,
				12B0F24421A59BAA00B477EB /* Assets.xcassets in Resources */,
				12B0F24221A59BA800B477EB /* Main.storyboard in Resources */,
			);
			runOnlyForDeploymentPostprocessing = 0;
		};
/* End PBXResourcesBuildPhase section */

/* Begin PBXSourcesBuildPhase section */
		12B0F23321A59BA800B477EB /* Sources */ = {
			isa = PBXSourcesBuildPhase;
			buildActionMask = 2147483647;
			files = (
				12B0F23F21A59BA800B477EB /* ViewController.m in Sources */,
				974090BA21A6841D004B9A83 /* FGLVertexAttribArrayBuffer.m in Sources */,
				12B0F24A21A59BAA00B477EB /* main.m in Sources */,
				12B0F23C21A59BA800B477EB /* AppDelegate.m in Sources */,
			);
			runOnlyForDeploymentPostprocessing = 0;
		};
/* End PBXSourcesBuildPhase section */

/* Begin PBXVariantGroup section */
		12B0F24021A59BA800B477EB /* Main.storyboard */ = {
			isa = PBXVariantGroup;
			children = (
				12B0F24121A59BA800B477EB /* Base */,
			);
			name = Main.storyboard;
			sourceTree = "<group>";
		};
		12B0F24521A59BAA00B477EB /* LaunchScreen.storyboard */ = {
			isa = PBXVariantGroup;
			children = (
				12B0F24621A59BAA00B477EB /* Base */,
			);
			name = LaunchScreen.storyboard;
			sourceTree = "<group>";
		};
/* End PBXVariantGroup section */

/* Begin XCBuildConfiguration section */
		12B0F24B21A59BAA00B477EB /* Debug */ = {
			isa = XCBuildConfiguration;
			buildSettings = {
				ALWAYS_SEARCH_USER_PATHS = NO;
				CLANG_ANALYZER_NONNULL = YES;
				CLANG_ANALYZER_NUMBER_OBJECT_CONVERSION = YES_AGGRESSIVE;
				CLANG_CXX_LANGUAGE_STANDARD = "gnu++14";
				CLANG_CXX_LIBRARY = "libc++";
				CLANG_ENABLE_MODULES = YES;
				CLANG_ENABLE_OBJC_ARC = YES;
				CLANG_ENABLE_OBJC_WEAK = YES;
				CLANG_WARN_BLOCK_CAPTURE_AUTORELEASING = YES;
				CLANG_WARN_BOOL_CONVERSION = YES;
				CLANG_WARN_COMMA = YES;
				CLANG_WARN_CONSTANT_CONVERSION = YES;
				CLANG_WARN_DEPRECATED_OBJC_IMPLEMENTATIONS = YES;
				CLANG_WARN_DIRECT_OBJC_ISA_USAGE = YES_ERROR;
				CLANG_WARN_DOCUMENTATION_COMMENTS = YES;
				CLANG_WARN_EMPTY_BODY = YES;
				CLANG_WARN_ENUM_CONVERSION = YES;
				CLANG_WARN_INFINITE_RECURSION = YES;
				CLANG_WARN_INT_CONVERSION = YES;
				CLANG_WARN_NON_LITERAL_NULL_CONVERSION = YES;
				CLANG_WARN_OBJC_IMPLICIT_RETAIN_SELF = YES;
				CLANG_WARN_OBJC_LITERAL_CONVERSION = YES;
				CLANG_WARN_OBJC_ROOT_CLASS = YES_ERROR;
				CLANG_WARN_RANGE_LOOP_ANALYSIS = YES;
				CLANG_WARN_STRICT_PROTOTYPES = YES;
				CLANG_WARN_SUSPICIOUS_MOVE = YES;
				CLANG_WARN_UNGUARDED_AVAILABILITY = YES_AGGRESSIVE;
				CLANG_WARN_UNREACHABLE_CODE = YES;
				CLANG_WARN__DUPLICATE_METHOD_MATCH = YES;
				CODE_SIGN_IDENTITY = "iPhone Developer";
				COPY_PHASE_STRIP = NO;
				DEBUG_INFORMATION_FORMAT = dwarf;
				ENABLE_STRICT_OBJC_MSGSEND = YES;
				ENABLE_TESTABILITY = YES;
				GCC_C_LANGUAGE_STANDARD = gnu11;
				GCC_DYNAMIC_NO_PIC = NO;
				GCC_NO_COMMON_BLOCKS = YES;
				GCC_OPTIMIZATION_LEVEL = 0;
				GCC_PREPROCESSOR_DEFINITIONS = (
					"DEBUG=1",
					"$(inherited)",
				);
				GCC_WARN_64_TO_32_BIT_CONVERSION = YES;
				GCC_WARN_ABOUT_RETURN_TYPE = YES_ERROR;
				GCC_WARN_UNDECLARED_SELECTOR = YES;
				GCC_WARN_UNINITIALIZED_AUTOS = YES_AGGRESSIVE;
				GCC_WARN_UNUSED_FUNCTION = YES;
				GCC_WARN_UNUSED_VARIABLE = YES;
				IPHONEOS_DEPLOYMENT_TARGET = 12.1;
				MTL_ENABLE_DEBUG_INFO = INCLUDE_SOURCE;
				MTL_FAST_MATH = YES;
				ONLY_ACTIVE_ARCH = YES;
				SDKROOT = iphoneos;
			};
			name = Debug;
		};
		12B0F24C21A59BAA00B477EB /* Release */ = {
			isa = XCBuildConfiguration;
			buildSettings = {
				ALWAYS_SEARCH_USER_PATHS = NO;
				CLANG_ANALYZER_NONNULL = YES;
				CLANG_ANALYZER_NUMBER_OBJECT_CONVERSION = YES_AGGRESSIVE;
				CLANG_CXX_LANGUAGE_STANDARD = "gnu++14";
				CLANG_CXX_LIBRARY = "libc++";
				CLANG_ENABLE_MODULES = YES;
				CLANG_ENABLE_OBJC_ARC = YES;
				CLANG_ENABLE_OBJC_WEAK = YES;
				CLANG_WARN_BLOCK_CAPTURE_AUTORELEASING = YES;
				CLANG_WARN_BOOL_CONVERSION = YES;
				CLANG_WARN_COMMA = YES;
				CLANG_WARN_CONSTANT_CONVERSION = YES;
				CLANG_WARN_DEPRECATED_OBJC_IMPLEMENTATIONS = YES;
				CLANG_WARN_DIRECT_OBJC_ISA_USAGE = YES_ERROR;
				CLANG_WARN_DOCUMENTATION_COMMENTS = YES;
				CLANG_WARN_EMPTY_BODY = YES;
				CLANG_WARN_ENUM_CONVERSION = YES;
				CLANG_WARN_INFINITE_RECURSION = YES;
				CLANG_WARN_INT_CONVERSION = YES;
				CLANG_WARN_NON_LITERAL_NULL_CONVERSION = YES;
				CLANG_WARN_OBJC_IMPLICIT_RETAIN_SELF = YES;
				CLANG_WARN_OBJC_LITERAL_CONVERSION = YES;
				CLANG_WARN_OBJC_ROOT_CLASS = YES_ERROR;
				CLANG_WARN_RANGE_LOOP_ANALYSIS = YES;
				CLANG_WARN_STRICT_PROTOTYPES = YES;
				CLANG_WARN_SUSPICIOUS_MOVE = YES;
				CLANG_WARN_UNGUARDED_AVAILABILITY = YES_AGGRESSIVE;
				CLANG_WARN_UNREACHABLE_CODE = YES;
				CLANG_WARN__DUPLICATE_METHOD_MATCH = YES;
				CODE_SIGN_IDENTITY = "iPhone Developer";
				COPY_PHASE_STRIP = NO;
				DEBUG_INFORMATION_FORMAT = "dwarf-with-dsym";
				ENABLE_NS_ASSERTIONS = NO;
				ENABLE_STRICT_OBJC_MSGSEND = YES;
				GCC_C_LANGUAGE_STANDARD = gnu11;
				GCC_NO_COMMON_BLOCKS = YES;
				GCC_WARN_64_TO_32_BIT_CONVERSION = YES;
				GCC_WARN_ABOUT_RETURN_TYPE = YES_ERROR;
				GCC_WARN_UNDECLARED_SELECTOR = YES;
				GCC_WARN_UNINITIALIZED_AUTOS = YES_AGGRESSIVE;
				GCC_WARN_UNUSED_FUNCTION = YES;
				GCC_WARN_UNUSED_VARIABLE = YES;
				IPHONEOS_DEPLOYMENT_TARGET = 12.1;
				MTL_ENABLE_DEBUG_INFO = NO;
				MTL_FAST_MATH = YES;
				SDKROOT = iphoneos;
				VALIDATE_PRODUCT = YES;
			};
			name = Release;
		};
		12B0F24E21A59BAA00B477EB /* Debug */ = {
			isa = XCBuildConfiguration;
			buildSettings = {
				ASSETCATALOG_COMPILER_APPICON_NAME = AppIcon;
				CODE_SIGN_STYLE = Automatic;
				DEVELOPMENT_TEAM = QBA33C9ENG;
				INFOPLIST_FILE = "GLKit03-纹理/Info.plist";
				IPHONEOS_DEPLOYMENT_TARGET = 9.0;
				LD_RUNPATH_SEARCH_PATHS = (
					"$(inherited)",
					"@executable_path/Frameworks",
				);
				PRODUCT_BUNDLE_IDENTIFIER = "com.baidu.com.GLKit03---";
				PRODUCT_NAME = "$(TARGET_NAME)";
				TARGETED_DEVICE_FAMILY = "1,2";
			};
			name = Debug;
		};
		12B0F24F21A59BAA00B477EB /* Release */ = {
			isa = XCBuildConfiguration;
			buildSettings = {
				ASSETCATALOG_COMPILER_APPICON_NAME = AppIcon;
				CODE_SIGN_STYLE = Automatic;
				DEVELOPMENT_TEAM = QBA33C9ENG;
				INFOPLIST_FILE = "GLKit03-纹理/Info.plist";
				IPHONEOS_DEPLOYMENT_TARGET = 9.0;
				LD_RUNPATH_SEARCH_PATHS = (
					"$(inherited)",
					"@executable_path/Frameworks",
				);
				PRODUCT_BUNDLE_IDENTIFIER = "com.baidu.com.GLKit03---";
				PRODUCT_NAME = "$(TARGET_NAME)";
				TARGETED_DEVICE_FAMILY = "1,2";
			};
			name = Release;
		};
/* End XCBuildConfiguration section */

/* Begin XCConfigurationList section */
		12B0F23221A59BA800B477EB /* Build configuration list for PBXProject "GLKit03-纹理" */ = {
			isa = XCConfigurationList;
			buildConfigurations = (
				12B0F24B21A59BAA00B477EB /* Debug */,
				12B0F24C21A59BAA00B477EB /* Release */,
			);
			defaultConfigurationIsVisible = 0;
			defaultConfigurationName = Release;
		};
		12B0F24D21A59BAA00B477EB /* Build configuration list for PBXNativeTarget "GLKit03-纹理" */ = {
			isa = XCConfigurationList;
			buildConfigurations = (
				12B0F24E21A59BAA00B477EB /* Debug */,
				12B0F24F21A59BAA00B477EB /* Release */,
			);
			defaultConfigurationIsVisible = 0;
			defaultConfigurationName = Release;
		};
/* End XCConfigurationList section */
	};
	rootObject = 12B0F22F21A59BA800B477EB /* Project object */;
}
